// !$*UTF8*$!
{
	archiveVersion = 1;
	classes = {
	};
	objectVersion = 46;
	objects = {

/* Begin PBXBuildFile section */
		0AC5561FC3364E448A60C741 /* CEFCinderSampleApp.cpp in Sources */ = {isa = PBXBuildFile; fileRef = 25D86ED7437A4C1D91CBDB4B /* CEFCinderSampleApp.cpp */; };
		6B7ECBE62092F0E70089D74B /* Chromium Embedded Framework.framework in Frameworks */ = {isa = PBXBuildFile; fileRef = 6B7ECBE32092F0E70089D74B /* Chromium Embedded Framework.framework */; };
		6B7ECBE72092F0E70089D74B /* cef_helper_mac.app in Resources */ = {isa = PBXBuildFile; fileRef = 6B7ECBE42092F0E70089D74B /* cef_helper_mac.app */; };
		905E5A49203FEDE700D91CBC /* Cocoa.framework in Frameworks */ = {isa = PBXBuildFile; fileRef = 905E5A48203FEDE700D91CBC /* Cocoa.framework */; };
		905E5A4A203FEDF400D91CBC /* IOSurface.framework in Frameworks */ = {isa = PBXBuildFile; fileRef = 00B995591B128DF400A5C623 /* IOSurface.framework */; };
		905E5A4B203FEDFE00D91CBC /* IOKit.framework in Frameworks */ = {isa = PBXBuildFile; fileRef = 00B995581B128DF400A5C623 /* IOKit.framework */; };
		905E5A4C203FEE0C00D91CBC /* CoreAudio.framework in Frameworks */ = {isa = PBXBuildFile; fileRef = 00B784B20FF439BC000DE1D7 /* CoreAudio.framework */; };
		905E5A4D203FEE1200D91CBC /* AudioUnit.framework in Frameworks */ = {isa = PBXBuildFile; fileRef = 00B784B10FF439BC000DE1D7 /* AudioUnit.framework */; };
		905E5A4E203FEE1C00D91CBC /* AudioToolbox.framework in Frameworks */ = {isa = PBXBuildFile; fileRef = 00B784B00FF439BC000DE1D7 /* AudioToolbox.framework */; };
		905E5A4F203FEE2300D91CBC /* Accelerate.framework in Frameworks */ = {isa = PBXBuildFile; fileRef = 00B784AF0FF439BC000DE1D7 /* Accelerate.framework */; };
		905E5A51203FEE2C00D91CBC /* CoreVideo.framework in Frameworks */ = {isa = PBXBuildFile; fileRef = 905E5A50203FEE2C00D91CBC /* CoreVideo.framework */; };
		905E5A53203FEE3500D91CBC /* OpenGL.framework in Frameworks */ = {isa = PBXBuildFile; fileRef = 905E5A52203FEE3500D91CBC /* OpenGL.framework */; };
		905E5A54203FEE4C00D91CBC /* CoreMedia.framework in Frameworks */ = {isa = PBXBuildFile; fileRef = 006D720319952D00008149E2 /* CoreMedia.framework */; };
		905E5A55203FEE5600D91CBC /* AVFoundation.framework in Frameworks */ = {isa = PBXBuildFile; fileRef = 006D720219952D00008149E2 /* AVFoundation.framework */; };
		C556A1C32092BC9E00F4740C /* Chromium Embedded Framework.framework in CopyFiles */ = {isa = PBXBuildFile; fileRef = C556A1C22092BC9E00F4740C /* Chromium Embedded Framework.framework */; settings = {ATTRIBUTES = (CodeSignOnCopy, RemoveHeadersOnCopy, ); }; };
		C57BB6E0205B7A13004C0212 /* ciCEF.cpp in Sources */ = {isa = PBXBuildFile; fileRef = C57BB6DE205B7A13004C0212 /* ciCEF.cpp */; };
		C5A61C25205F5C8900DED73D /* ciCEFBrowserClient.cpp in Sources */ = {isa = PBXBuildFile; fileRef = C5A61C23205F5C8900DED73D /* ciCEFBrowserClient.cpp */; };
/* End PBXBuildFile section */

/* Begin PBXCopyFilesBuildPhase section */
		5ABAFBBCAAC34D5596517A6F /* CopyFiles */ = {
			isa = PBXCopyFilesBuildPhase;
			buildActionMask = 2147483647;
			dstPath = "";
			dstSubfolderSpec = 10;
			files = (
				C556A1C32092BC9E00F4740C /* Chromium Embedded Framework.framework in CopyFiles */,
			);
			runOnlyForDeploymentPostprocessing = 0;
		};
/* End PBXCopyFilesBuildPhase section */

/* Begin PBXFileReference section */
		006D720219952D00008149E2 /* AVFoundation.framework */ = {isa = PBXFileReference; lastKnownFileType = wrapper.framework; name = AVFoundation.framework; path = System/Library/Frameworks/AVFoundation.framework; sourceTree = SDKROOT; };
		006D720319952D00008149E2 /* CoreMedia.framework */ = {isa = PBXFileReference; lastKnownFileType = wrapper.framework; name = CoreMedia.framework; path = System/Library/Frameworks/CoreMedia.framework; sourceTree = SDKROOT; };
		0091D8F80E81B9330029341E /* OpenGL.framework */ = {isa = PBXFileReference; lastKnownFileType = wrapper.framework; name = OpenGL.framework; path = /System/Library/Frameworks/OpenGL.framework; sourceTree = "<absolute>"; };
		00B784AF0FF439BC000DE1D7 /* Accelerate.framework */ = {isa = PBXFileReference; lastKnownFileType = wrapper.framework; name = Accelerate.framework; path = System/Library/Frameworks/Accelerate.framework; sourceTree = SDKROOT; };
		00B784B00FF439BC000DE1D7 /* AudioToolbox.framework */ = {isa = PBXFileReference; lastKnownFileType = wrapper.framework; name = AudioToolbox.framework; path = System/Library/Frameworks/AudioToolbox.framework; sourceTree = SDKROOT; };
		00B784B10FF439BC000DE1D7 /* AudioUnit.framework */ = {isa = PBXFileReference; lastKnownFileType = wrapper.framework; name = AudioUnit.framework; path = System/Library/Frameworks/AudioUnit.framework; sourceTree = SDKROOT; };
		00B784B20FF439BC000DE1D7 /* CoreAudio.framework */ = {isa = PBXFileReference; lastKnownFileType = wrapper.framework; name = CoreAudio.framework; path = System/Library/Frameworks/CoreAudio.framework; sourceTree = SDKROOT; };
		00B995581B128DF400A5C623 /* IOKit.framework */ = {isa = PBXFileReference; lastKnownFileType = wrapper.framework; name = IOKit.framework; path = System/Library/Frameworks/IOKit.framework; sourceTree = SDKROOT; };
		00B995591B128DF400A5C623 /* IOSurface.framework */ = {isa = PBXFileReference; lastKnownFileType = wrapper.framework; name = IOSurface.framework; path = System/Library/Frameworks/IOSurface.framework; sourceTree = SDKROOT; };
		1058C7A1FEA54F0111CA2CBB /* Cocoa.framework */ = {isa = PBXFileReference; lastKnownFileType = wrapper.framework; name = Cocoa.framework; path = /System/Library/Frameworks/Cocoa.framework; sourceTree = "<absolute>"; };
		133D7F6900C74B67A676E6D8 /* Info.plist */ = {isa = PBXFileReference; lastKnownFileType = text.plist.xml; path = Info.plist; sourceTree = "<group>"; };
		25D86ED7437A4C1D91CBDB4B /* CEFCinderSampleApp.cpp */ = {isa = PBXFileReference; lastKnownFileType = sourcecode.c.cpp; name = CEFCinderSampleApp.cpp; path = ../src/CEFCinderSampleApp.cpp; sourceTree = "<group>"; };
		29B97324FDCFA39411CA2CEA /* AppKit.framework */ = {isa = PBXFileReference; lastKnownFileType = wrapper.framework; name = AppKit.framework; path = /System/Library/Frameworks/AppKit.framework; sourceTree = "<absolute>"; };
		29B97325FDCFA39411CA2CEA /* Foundation.framework */ = {isa = PBXFileReference; lastKnownFileType = wrapper.framework; name = Foundation.framework; path = /System/Library/Frameworks/Foundation.framework; sourceTree = "<absolute>"; };
		5323E6B10EAFCA74003A9687 /* CoreVideo.framework */ = {isa = PBXFileReference; lastKnownFileType = wrapper.framework; name = CoreVideo.framework; path = /System/Library/Frameworks/CoreVideo.framework; sourceTree = "<absolute>"; };
		66E9EABCA997424BA7F595AA /* CinderApp.icns */ = {isa = PBXFileReference; lastKnownFileType = image.icns; name = CinderApp.icns; path = ../resources/CinderApp.icns; sourceTree = "<group>"; };
		6B7ECAE32092F0E70089D74B /* cef_render_handler.h */ = {isa = PBXFileReference; fileEncoding = 4; lastKnownFileType = sourcecode.c.h; path = cef_render_handler.h; sourceTree = "<group>"; };
		6B7ECAE42092F0E70089D74B /* cef_pack_strings.h */ = {isa = PBXFileReference; fileEncoding = 4; lastKnownFileType = sourcecode.c.h; path = cef_pack_strings.h; sourceTree = "<group>"; };
		6B7ECAE52092F0E70089D74B /* cef_response_filter.h */ = {isa = PBXFileReference; fileEncoding = 4; lastKnownFileType = sourcecode.c.h; path = cef_response_filter.h; sourceTree = "<group>"; };
		6B7ECAE62092F0E70089D74B /* cef_render_process_handler.h */ = {isa = PBXFileReference; fileEncoding = 4; lastKnownFileType = sourcecode.c.h; path = cef_render_process_handler.h; sourceTree = "<group>"; };
		6B7ECAE72092F0E70089D74B /* cef_accessibility_handler.h */ = {isa = PBXFileReference; fileEncoding = 4; lastKnownFileType = sourcecode.c.h; path = cef_accessibility_handler.h; sourceTree = "<group>"; };
		6B7ECAE82092F0E70089D74B /* cef_keyboard_handler.h */ = {isa = PBXFileReference; fileEncoding = 4; lastKnownFileType = sourcecode.c.h; path = cef_keyboard_handler.h; sourceTree = "<group>"; };
		6B7ECAE92092F0E70089D74B /* cef_string_visitor.h */ = {isa = PBXFileReference; fileEncoding = 4; lastKnownFileType = sourcecode.c.h; path = cef_string_visitor.h; sourceTree = "<group>"; };
		6B7ECAEA2092F0E70089D74B /* cef_server.h */ = {isa = PBXFileReference; fileEncoding = 4; lastKnownFileType = sourcecode.c.h; path = cef_server.h; sourceTree = "<group>"; };
		6B7ECAEB2092F0E70089D74B /* cef_drag_data.h */ = {isa = PBXFileReference; fileEncoding = 4; lastKnownFileType = sourcecode.c.h; path = cef_drag_data.h; sourceTree = "<group>"; };
		6B7ECAEC2092F0E70089D74B /* cef_trace.h */ = {isa = PBXFileReference; fileEncoding = 4; lastKnownFileType = sourcecode.c.h; path = cef_trace.h; sourceTree = "<group>"; };
		6B7ECAED2092F0E70089D74B /* cef_resource_bundle.h */ = {isa = PBXFileReference; fileEncoding = 4; lastKnownFileType = sourcecode.c.h; path = cef_resource_bundle.h; sourceTree = "<group>"; };
		6B7ECAEE2092F0E70089D74B /* cef_base.h */ = {isa = PBXFileReference; fileEncoding = 4; lastKnownFileType = sourcecode.c.h; path = cef_base.h; sourceTree = "<group>"; };
		6B7ECAEF2092F0E70089D74B /* cef_ssl_status.h */ = {isa = PBXFileReference; fileEncoding = 4; lastKnownFileType = sourcecode.c.h; path = cef_ssl_status.h; sourceTree = "<group>"; };
		6B7ECAF02092F0E70089D74B /* cef_ssl_info.h */ = {isa = PBXFileReference; fileEncoding = 4; lastKnownFileType = sourcecode.c.h; path = cef_ssl_info.h; sourceTree = "<group>"; };
		6B7ECAF22092F0E70089D74B /* cef_translator_test.h */ = {isa = PBXFileReference; fileEncoding = 4; lastKnownFileType = sourcecode.c.h; path = cef_translator_test.h; sourceTree = "<group>"; };
		6B7ECAF32092F0E70089D74B /* cef_test_helpers.h */ = {isa = PBXFileReference; fileEncoding = 4; lastKnownFileType = sourcecode.c.h; path = cef_test_helpers.h; sourceTree = "<group>"; };
		6B7ECAF42092F0E70089D74B /* cef_callback.h */ = {isa = PBXFileReference; fileEncoding = 4; lastKnownFileType = sourcecode.c.h; path = cef_callback.h; sourceTree = "<group>"; };
		6B7ECAF52092F0E70089D74B /* cef_request_handler.h */ = {isa = PBXFileReference; fileEncoding = 4; lastKnownFileType = sourcecode.c.h; path = cef_request_handler.h; sourceTree = "<group>"; };
		6B7ECAF62092F0E70089D74B /* cef_version.h */ = {isa = PBXFileReference; fileEncoding = 4; lastKnownFileType = sourcecode.c.h; path = cef_version.h; sourceTree = "<group>"; };
		6B7ECAF72092F0E70089D74B /* cef_drag_handler.h */ = {isa = PBXFileReference; fileEncoding = 4; lastKnownFileType = sourcecode.c.h; path = cef_drag_handler.h; sourceTree = "<group>"; };
		6B7ECAF82092F0E70089D74B /* cef_origin_whitelist.h */ = {isa = PBXFileReference; fileEncoding = 4; lastKnownFileType = sourcecode.c.h; path = cef_origin_whitelist.h; sourceTree = "<group>"; };
		6B7ECAFA2092F0E70089D74B /* cef_xml_object.h */ = {isa = PBXFileReference; fileEncoding = 4; lastKnownFileType = sourcecode.c.h; path = cef_xml_object.h; sourceTree = "<group>"; };
		6B7ECAFB2092F0E70089D74B /* cef_stream_resource_handler.h */ = {isa = PBXFileReference; fileEncoding = 4; lastKnownFileType = sourcecode.c.h; path = cef_stream_resource_handler.h; sourceTree = "<group>"; };
		6B7ECAFC2092F0E70089D74B /* cef_closure_task.h */ = {isa = PBXFileReference; fileEncoding = 4; lastKnownFileType = sourcecode.c.h; path = cef_closure_task.h; sourceTree = "<group>"; };
		6B7ECAFD2092F0E70089D74B /* cef_message_router.h */ = {isa = PBXFileReference; fileEncoding = 4; lastKnownFileType = sourcecode.c.h; path = cef_message_router.h; sourceTree = "<group>"; };
		6B7ECAFE2092F0E70089D74B /* cef_byte_read_handler.h */ = {isa = PBXFileReference; fileEncoding = 4; lastKnownFileType = sourcecode.c.h; path = cef_byte_read_handler.h; sourceTree = "<group>"; };
		6B7ECAFF2092F0E70089D74B /* cef_resource_manager.h */ = {isa = PBXFileReference; fileEncoding = 4; lastKnownFileType = sourcecode.c.h; path = cef_resource_manager.h; sourceTree = "<group>"; };
		6B7ECB002092F0E70089D74B /* cef_scoped_temp_dir.h */ = {isa = PBXFileReference; fileEncoding = 4; lastKnownFileType = sourcecode.c.h; path = cef_scoped_temp_dir.h; sourceTree = "<group>"; };
		6B7ECB012092F0E70089D74B /* cef_helpers.h */ = {isa = PBXFileReference; fileEncoding = 4; lastKnownFileType = sourcecode.c.h; path = cef_helpers.h; sourceTree = "<group>"; };
		6B7ECB022092F0E70089D74B /* cef_zip_archive.h */ = {isa = PBXFileReference; fileEncoding = 4; lastKnownFileType = sourcecode.c.h; path = cef_zip_archive.h; sourceTree = "<group>"; };
		6B7ECB032092F0E70089D74B /* cef_request_context_handler.h */ = {isa = PBXFileReference; fileEncoding = 4; lastKnownFileType = sourcecode.c.h; path = cef_request_context_handler.h; sourceTree = "<group>"; };
		6B7ECB042092F0E70089D74B /* cef_resource_bundle_handler.h */ = {isa = PBXFileReference; fileEncoding = 4; lastKnownFileType = sourcecode.c.h; path = cef_resource_bundle_handler.h; sourceTree = "<group>"; };
		6B7ECB052092F0E70089D74B /* cef_geolocation_handler.h */ = {isa = PBXFileReference; fileEncoding = 4; lastKnownFileType = sourcecode.c.h; path = cef_geolocation_handler.h; sourceTree = "<group>"; };
		6B7ECB062092F0E70089D74B /* cef_print_settings.h */ = {isa = PBXFileReference; fileEncoding = 4; lastKnownFileType = sourcecode.c.h; path = cef_print_settings.h; sourceTree = "<group>"; };
		6B7ECB072092F0E70089D74B /* cef_display_handler.h */ = {isa = PBXFileReference; fileEncoding = 4; lastKnownFileType = sourcecode.c.h; path = cef_display_handler.h; sourceTree = "<group>"; };
		6B7ECB082092F0E70089D74B /* cef_urlrequest.h */ = {isa = PBXFileReference; fileEncoding = 4; lastKnownFileType = sourcecode.c.h; path = cef_urlrequest.h; sourceTree = "<group>"; };
		6B7ECB0A2092F0E70089D74B /* cef_request_context_capi.h */ = {isa = PBXFileReference; fileEncoding = 4; lastKnownFileType = sourcecode.c.h; path = cef_request_context_capi.h; sourceTree = "<group>"; };
		6B7ECB0B2092F0E70089D74B /* cef_response_capi.h */ = {isa = PBXFileReference; fileEncoding = 4; lastKnownFileType = sourcecode.c.h; path = cef_response_capi.h; sourceTree = "<group>"; };
		6B7ECB0C2092F0E70089D74B /* cef_string_visitor_capi.h */ = {isa = PBXFileReference; fileEncoding = 4; lastKnownFileType = sourcecode.c.h; path = cef_string_visitor_capi.h; sourceTree = "<group>"; };
		6B7ECB0D2092F0E70089D74B /* cef_dialog_handler_capi.h */ = {isa = PBXFileReference; fileEncoding = 4; lastKnownFileType = sourcecode.c.h; path = cef_dialog_handler_capi.h; sourceTree = "<group>"; };
		6B7ECB0E2092F0E70089D74B /* cef_xml_reader_capi.h */ = {isa = PBXFileReference; fileEncoding = 4; lastKnownFileType = sourcecode.c.h; path = cef_xml_reader_capi.h; sourceTree = "<group>"; };
		6B7ECB0F2092F0E70089D74B /* cef_waitable_event_capi.h */ = {isa = PBXFileReference; fileEncoding = 4; lastKnownFileType = sourcecode.c.h; path = cef_waitable_event_capi.h; sourceTree = "<group>"; };
		6B7ECB102092F0E70089D74B /* cef_client_capi.h */ = {isa = PBXFileReference; fileEncoding = 4; lastKnownFileType = sourcecode.c.h; path = cef_client_capi.h; sourceTree = "<group>"; };
		6B7ECB112092F0E70089D74B /* cef_base_capi.h */ = {isa = PBXFileReference; fileEncoding = 4; lastKnownFileType = sourcecode.c.h; path = cef_base_capi.h; sourceTree = "<group>"; };
		6B7ECB122092F0E70089D74B /* cef_thread_capi.h */ = {isa = PBXFileReference; fileEncoding = 4; lastKnownFileType = sourcecode.c.h; path = cef_thread_capi.h; sourceTree = "<group>"; };
		6B7ECB132092F0E70089D74B /* cef_image_capi.h */ = {isa = PBXFileReference; fileEncoding = 4; lastKnownFileType = sourcecode.c.h; path = cef_image_capi.h; sourceTree = "<group>"; };
		6B7ECB142092F0E70089D74B /* cef_request_context_handler_capi.h */ = {isa = PBXFileReference; fileEncoding = 4; lastKnownFileType = sourcecode.c.h; path = cef_request_context_handler_capi.h; sourceTree = "<group>"; };
		6B7ECB162092F0E70089D74B /* cef_test_helpers_capi.h */ = {isa = PBXFileReference; fileEncoding = 4; lastKnownFileType = sourcecode.c.h; path = cef_test_helpers_capi.h; sourceTree = "<group>"; };
		6B7ECB172092F0E70089D74B /* cef_translator_test_capi.h */ = {isa = PBXFileReference; fileEncoding = 4; lastKnownFileType = sourcecode.c.h; path = cef_translator_test_capi.h; sourceTree = "<group>"; };
		6B7ECB182092F0E70089D74B /* cef_urlrequest_capi.h */ = {isa = PBXFileReference; fileEncoding = 4; lastKnownFileType = sourcecode.c.h; path = cef_urlrequest_capi.h; sourceTree = "<group>"; };
		6B7ECB192092F0E70089D74B /* cef_ssl_info_capi.h */ = {isa = PBXFileReference; fileEncoding = 4; lastKnownFileType = sourcecode.c.h; path = cef_ssl_info_capi.h; sourceTree = "<group>"; };
		6B7ECB1A2092F0E70089D74B /* cef_app_capi.h */ = {isa = PBXFileReference; fileEncoding = 4; lastKnownFileType = sourcecode.c.h; path = cef_app_capi.h; sourceTree = "<group>"; };
		6B7ECB1B2092F0E70089D74B /* cef_menu_model_delegate_capi.h */ = {isa = PBXFileReference; fileEncoding = 4; lastKnownFileType = sourcecode.c.h; path = cef_menu_model_delegate_capi.h; sourceTree = "<group>"; };
		6B7ECB1C2092F0E70089D74B /* cef_life_span_handler_capi.h */ = {isa = PBXFileReference; fileEncoding = 4; lastKnownFileType = sourcecode.c.h; path = cef_life_span_handler_capi.h; sourceTree = "<group>"; };
		6B7ECB1D2092F0E70089D74B /* cef_parser_capi.h */ = {isa = PBXFileReference; fileEncoding = 4; lastKnownFileType = sourcecode.c.h; path = cef_parser_capi.h; sourceTree = "<group>"; };
		6B7ECB1E2092F0E70089D74B /* cef_focus_handler_capi.h */ = {isa = PBXFileReference; fileEncoding = 4; lastKnownFileType = sourcecode.c.h; path = cef_focus_handler_capi.h; sourceTree = "<group>"; };
		6B7ECB1F2092F0E70089D74B /* cef_frame_capi.h */ = {isa = PBXFileReference; fileEncoding = 4; lastKnownFileType = sourcecode.c.h; path = cef_frame_capi.h; sourceTree = "<group>"; };
		6B7ECB202092F0E70089D74B /* cef_geolocation_capi.h */ = {isa = PBXFileReference; fileEncoding = 4; lastKnownFileType = sourcecode.c.h; path = cef_geolocation_capi.h; sourceTree = "<group>"; };
		6B7ECB212092F0E70089D74B /* cef_drag_data_capi.h */ = {isa = PBXFileReference; fileEncoding = 4; lastKnownFileType = sourcecode.c.h; path = cef_drag_data_capi.h; sourceTree = "<group>"; };
		6B7ECB222092F0E70089D74B /* cef_dom_capi.h */ = {isa = PBXFileReference; fileEncoding = 4; lastKnownFileType = sourcecode.c.h; path = cef_dom_capi.h; sourceTree = "<group>"; };
		6B7ECB232092F0E70089D74B /* cef_response_filter_capi.h */ = {isa = PBXFileReference; fileEncoding = 4; lastKnownFileType = sourcecode.c.h; path = cef_response_filter_capi.h; sourceTree = "<group>"; };
		6B7ECB242092F0E70089D74B /* cef_find_handler_capi.h */ = {isa = PBXFileReference; fileEncoding = 4; lastKnownFileType = sourcecode.c.h; path = cef_find_handler_capi.h; sourceTree = "<group>"; };
		6B7ECB252092F0E70089D74B /* cef_web_plugin_capi.h */ = {isa = PBXFileReference; fileEncoding = 4; lastKnownFileType = sourcecode.c.h; path = cef_web_plugin_capi.h; sourceTree = "<group>"; };
		6B7ECB262092F0E70089D74B /* cef_download_item_capi.h */ = {isa = PBXFileReference; fileEncoding = 4; lastKnownFileType = sourcecode.c.h; path = cef_download_item_capi.h; sourceTree = "<group>"; };
		6B7ECB272092F0E70089D74B /* cef_drag_handler_capi.h */ = {isa = PBXFileReference; fileEncoding = 4; lastKnownFileType = sourcecode.c.h; path = cef_drag_handler_capi.h; sourceTree = "<group>"; };
		6B7ECB282092F0E70089D74B /* cef_display_handler_capi.h */ = {isa = PBXFileReference; fileEncoding = 4; lastKnownFileType = sourcecode.c.h; path = cef_display_handler_capi.h; sourceTree = "<group>"; };
		6B7ECB292092F0E70089D74B /* cef_stream_capi.h */ = {isa = PBXFileReference; fileEncoding = 4; lastKnownFileType = sourcecode.c.h; path = cef_stream_capi.h; sourceTree = "<group>"; };
		6B7ECB2A2092F0E70089D74B /* cef_trace_capi.h */ = {isa = PBXFileReference; fileEncoding = 4; lastKnownFileType = sourcecode.c.h; path = cef_trace_capi.h; sourceTree = "<group>"; };
		6B7ECB2B2092F0E70089D74B /* cef_load_handler_capi.h */ = {isa = PBXFileReference; fileEncoding = 4; lastKnownFileType = sourcecode.c.h; path = cef_load_handler_capi.h; sourceTree = "<group>"; };
		6B7ECB2C2092F0E70089D74B /* cef_geolocation_handler_capi.h */ = {isa = PBXFileReference; fileEncoding = 4; lastKnownFileType = sourcecode.c.h; path = cef_geolocation_handler_capi.h; sourceTree = "<group>"; };
		6B7ECB2D2092F0E70089D74B /* cef_path_util_capi.h */ = {isa = PBXFileReference; fileEncoding = 4; lastKnownFileType = sourcecode.c.h; path = cef_path_util_capi.h; sourceTree = "<group>"; };
		6B7ECB2E2092F0E70089D74B /* cef_cookie_capi.h */ = {isa = PBXFileReference; fileEncoding = 4; lastKnownFileType = sourcecode.c.h; path = cef_cookie_capi.h; sourceTree = "<group>"; };
		6B7ECB2F2092F0E70089D74B /* cef_accessibility_handler_capi.h */ = {isa = PBXFileReference; fileEncoding = 4; lastKnownFileType = sourcecode.c.h; path = cef_accessibility_handler_capi.h; sourceTree = "<group>"; };
		6B7ECB302092F0E70089D74B /* cef_server_capi.h */ = {isa = PBXFileReference; fileEncoding = 4; lastKnownFileType = sourcecode.c.h; path = cef_server_capi.h; sourceTree = "<group>"; };
		6B7ECB312092F0E70089D74B /* cef_ssl_status_capi.h */ = {isa = PBXFileReference; fileEncoding = 4; lastKnownFileType = sourcecode.c.h; path = cef_ssl_status_capi.h; sourceTree = "<group>"; };
		6B7ECB322092F0E70089D74B /* cef_request_handler_capi.h */ = {isa = PBXFileReference; fileEncoding = 4; lastKnownFileType = sourcecode.c.h; path = cef_request_handler_capi.h; sourceTree = "<group>"; };
		6B7ECB332092F0E70089D74B /* cef_print_settings_capi.h */ = {isa = PBXFileReference; fileEncoding = 4; lastKnownFileType = sourcecode.c.h; path = cef_print_settings_capi.h; sourceTree = "<group>"; };
		6B7ECB342092F0E70089D74B /* cef_origin_whitelist_capi.h */ = {isa = PBXFileReference; fileEncoding = 4; lastKnownFileType = sourcecode.c.h; path = cef_origin_whitelist_capi.h; sourceTree = "<group>"; };
		6B7ECB352092F0E70089D74B /* cef_crash_util_capi.h */ = {isa = PBXFileReference; fileEncoding = 4; lastKnownFileType = sourcecode.c.h; path = cef_crash_util_capi.h; sourceTree = "<group>"; };
		6B7ECB362092F0E70089D74B /* cef_callback_capi.h */ = {isa = PBXFileReference; fileEncoding = 4; lastKnownFileType = sourcecode.c.h; path = cef_callback_capi.h; sourceTree = "<group>"; };
		6B7ECB372092F0E70089D74B /* cef_x509_certificate_capi.h */ = {isa = PBXFileReference; fileEncoding = 4; lastKnownFileType = sourcecode.c.h; path = cef_x509_certificate_capi.h; sourceTree = "<group>"; };
		6B7ECB382092F0E70089D74B /* cef_request_capi.h */ = {isa = PBXFileReference; fileEncoding = 4; lastKnownFileType = sourcecode.c.h; path = cef_request_capi.h; sourceTree = "<group>"; };
		6B7ECB392092F0E70089D74B /* cef_extension_handler_capi.h */ = {isa = PBXFileReference; fileEncoding = 4; lastKnownFileType = sourcecode.c.h; path = cef_extension_handler_capi.h; sourceTree = "<group>"; };
		6B7ECB3A2092F0E70089D74B /* cef_menu_model_capi.h */ = {isa = PBXFileReference; fileEncoding = 4; lastKnownFileType = sourcecode.c.h; path = cef_menu_model_capi.h; sourceTree = "<group>"; };
		6B7ECB3B2092F0E70089D74B /* cef_jsdialog_handler_capi.h */ = {isa = PBXFileReference; fileEncoding = 4; lastKnownFileType = sourcecode.c.h; path = cef_jsdialog_handler_capi.h; sourceTree = "<group>"; };
		6B7ECB3C2092F0E70089D74B /* cef_context_menu_handler_capi.h */ = {isa = PBXFileReference; fileEncoding = 4; lastKnownFileType = sourcecode.c.h; path = cef_context_menu_handler_capi.h; sourceTree = "<group>"; };
		6B7ECB3D2092F0E70089D74B /* cef_browser_capi.h */ = {isa = PBXFileReference; fileEncoding = 4; lastKnownFileType = sourcecode.c.h; path = cef_browser_capi.h; sourceTree = "<group>"; };
		6B7ECB3E2092F0E70089D74B /* cef_process_util_capi.h */ = {isa = PBXFileReference; fileEncoding = 4; lastKnownFileType = sourcecode.c.h; path = cef_process_util_capi.h; sourceTree = "<group>"; };
		6B7ECB3F2092F0E70089D74B /* cef_extension_capi.h */ = {isa = PBXFileReference; fileEncoding = 4; lastKnownFileType = sourcecode.c.h; path = cef_extension_capi.h; sourceTree = "<group>"; };
		6B7ECB402092F0E70089D74B /* cef_auth_callback_capi.h */ = {isa = PBXFileReference; fileEncoding = 4; lastKnownFileType = sourcecode.c.h; path = cef_auth_callback_capi.h; sourceTree = "<group>"; };
		6B7ECB412092F0E70089D74B /* cef_render_handler_capi.h */ = {isa = PBXFileReference; fileEncoding = 4; lastKnownFileType = sourcecode.c.h; path = cef_render_handler_capi.h; sourceTree = "<group>"; };
		6B7ECB422092F0E70089D74B /* cef_values_capi.h */ = {isa = PBXFileReference; fileEncoding = 4; lastKnownFileType = sourcecode.c.h; path = cef_values_capi.h; sourceTree = "<group>"; };
		6B7ECB432092F0E70089D74B /* cef_download_handler_capi.h */ = {isa = PBXFileReference; fileEncoding = 4; lastKnownFileType = sourcecode.c.h; path = cef_download_handler_capi.h; sourceTree = "<group>"; };
		6B7ECB442092F0E70089D74B /* cef_zip_reader_capi.h */ = {isa = PBXFileReference; fileEncoding = 4; lastKnownFileType = sourcecode.c.h; path = cef_zip_reader_capi.h; sourceTree = "<group>"; };
		6B7ECB452092F0E70089D74B /* cef_process_message_capi.h */ = {isa = PBXFileReference; fileEncoding = 4; lastKnownFileType = sourcecode.c.h; path = cef_process_message_capi.h; sourceTree = "<group>"; };
		6B7ECB462092F0E70089D74B /* cef_resource_handler_capi.h */ = {isa = PBXFileReference; fileEncoding = 4; lastKnownFileType = sourcecode.c.h; path = cef_resource_handler_capi.h; sourceTree = "<group>"; };
		6B7ECB472092F0E70089D74B /* cef_file_util_capi.h */ = {isa = PBXFileReference; fileEncoding = 4; lastKnownFileType = sourcecode.c.h; path = cef_file_util_capi.h; sourceTree = "<group>"; };
		6B7ECB492092F0E70089D74B /* cef_window_capi.h */ = {isa = PBXFileReference; fileEncoding = 4; lastKnownFileType = sourcecode.c.h; path = cef_window_capi.h; sourceTree = "<group>"; };
		6B7ECB4A2092F0E70089D74B /* cef_box_layout_capi.h */ = {isa = PBXFileReference; fileEncoding = 4; lastKnownFileType = sourcecode.c.h; path = cef_box_layout_capi.h; sourceTree = "<group>"; };
		6B7ECB4B2092F0E70089D74B /* cef_display_capi.h */ = {isa = PBXFileReference; fileEncoding = 4; lastKnownFileType = sourcecode.c.h; path = cef_display_capi.h; sourceTree = "<group>"; };
		6B7ECB4C2092F0E70089D74B /* cef_layout_capi.h */ = {isa = PBXFileReference; fileEncoding = 4; lastKnownFileType = sourcecode.c.h; path = cef_layout_capi.h; sourceTree = "<group>"; };
		6B7ECB4D2092F0E70089D74B /* cef_label_button_capi.h */ = {isa = PBXFileReference; fileEncoding = 4; lastKnownFileType = sourcecode.c.h; path = cef_label_button_capi.h; sourceTree = "<group>"; };
		6B7ECB4E2092F0E70089D74B /* cef_panel_capi.h */ = {isa = PBXFileReference; fileEncoding = 4; lastKnownFileType = sourcecode.c.h; path = cef_panel_capi.h; sourceTree = "<group>"; };
		6B7ECB4F2092F0E70089D74B /* cef_panel_delegate_capi.h */ = {isa = PBXFileReference; fileEncoding = 4; lastKnownFileType = sourcecode.c.h; path = cef_panel_delegate_capi.h; sourceTree = "<group>"; };
		6B7ECB502092F0E70089D74B /* cef_scroll_view_capi.h */ = {isa = PBXFileReference; fileEncoding = 4; lastKnownFileType = sourcecode.c.h; path = cef_scroll_view_capi.h; sourceTree = "<group>"; };
		6B7ECB512092F0E70089D74B /* cef_fill_layout_capi.h */ = {isa = PBXFileReference; fileEncoding = 4; lastKnownFileType = sourcecode.c.h; path = cef_fill_layout_capi.h; sourceTree = "<group>"; };
		6B7ECB522092F0E70089D74B /* cef_window_delegate_capi.h */ = {isa = PBXFileReference; fileEncoding = 4; lastKnownFileType = sourcecode.c.h; path = cef_window_delegate_capi.h; sourceTree = "<group>"; };
		6B7ECB532092F0E70089D74B /* cef_browser_view_capi.h */ = {isa = PBXFileReference; fileEncoding = 4; lastKnownFileType = sourcecode.c.h; path = cef_browser_view_capi.h; sourceTree = "<group>"; };
		6B7ECB542092F0E70089D74B /* cef_menu_button_delegate_capi.h */ = {isa = PBXFileReference; fileEncoding = 4; lastKnownFileType = sourcecode.c.h; path = cef_menu_button_delegate_capi.h; sourceTree = "<group>"; };
		6B7ECB552092F0E70089D74B /* cef_button_delegate_capi.h */ = {isa = PBXFileReference; fileEncoding = 4; lastKnownFileType = sourcecode.c.h; path = cef_button_delegate_capi.h; sourceTree = "<group>"; };
		6B7ECB562092F0E70089D74B /* cef_view_delegate_capi.h */ = {isa = PBXFileReference; fileEncoding = 4; lastKnownFileType = sourcecode.c.h; path = cef_view_delegate_capi.h; sourceTree = "<group>"; };
		6B7ECB572092F0E70089D74B /* cef_button_capi.h */ = {isa = PBXFileReference; fileEncoding = 4; lastKnownFileType = sourcecode.c.h; path = cef_button_capi.h; sourceTree = "<group>"; };
		6B7ECB582092F0E70089D74B /* cef_menu_button_capi.h */ = {isa = PBXFileReference; fileEncoding = 4; lastKnownFileType = sourcecode.c.h; path = cef_menu_button_capi.h; sourceTree = "<group>"; };
		6B7ECB592092F0E70089D74B /* cef_textfield_capi.h */ = {isa = PBXFileReference; fileEncoding = 4; lastKnownFileType = sourcecode.c.h; path = cef_textfield_capi.h; sourceTree = "<group>"; };
		6B7ECB5A2092F0E70089D74B /* cef_browser_view_delegate_capi.h */ = {isa = PBXFileReference; fileEncoding = 4; lastKnownFileType = sourcecode.c.h; path = cef_browser_view_delegate_capi.h; sourceTree = "<group>"; };
		6B7ECB5B2092F0E70089D74B /* cef_view_capi.h */ = {isa = PBXFileReference; fileEncoding = 4; lastKnownFileType = sourcecode.c.h; path = cef_view_capi.h; sourceTree = "<group>"; };
		6B7ECB5C2092F0E70089D74B /* cef_textfield_delegate_capi.h */ = {isa = PBXFileReference; fileEncoding = 4; lastKnownFileType = sourcecode.c.h; path = cef_textfield_delegate_capi.h; sourceTree = "<group>"; };
		6B7ECB5D2092F0E70089D74B /* cef_command_line_capi.h */ = {isa = PBXFileReference; fileEncoding = 4; lastKnownFileType = sourcecode.c.h; path = cef_command_line_capi.h; sourceTree = "<group>"; };
		6B7ECB5E2092F0E70089D74B /* cef_navigation_entry_capi.h */ = {isa = PBXFileReference; fileEncoding = 4; lastKnownFileType = sourcecode.c.h; path = cef_navigation_entry_capi.h; sourceTree = "<group>"; };
		6B7ECB5F2092F0E70089D74B /* cef_task_capi.h */ = {isa = PBXFileReference; fileEncoding = 4; lastKnownFileType = sourcecode.c.h; path = cef_task_capi.h; sourceTree = "<group>"; };
		6B7ECB602092F0E70089D74B /* cef_resource_bundle_handler_capi.h */ = {isa = PBXFileReference; fileEncoding = 4; lastKnownFileType = sourcecode.c.h; path = cef_resource_bundle_handler_capi.h; sourceTree = "<group>"; };
		6B7ECB612092F0E70089D74B /* cef_browser_process_handler_capi.h */ = {isa = PBXFileReference; fileEncoding = 4; lastKnownFileType = sourcecode.c.h; path = cef_browser_process_handler_capi.h; sourceTree = "<group>"; };
		6B7ECB622092F0E70089D74B /* cef_resource_bundle_capi.h */ = {isa = PBXFileReference; fileEncoding = 4; lastKnownFileType = sourcecode.c.h; path = cef_resource_bundle_capi.h; sourceTree = "<group>"; };
		6B7ECB632092F0E70089D74B /* cef_render_process_handler_capi.h */ = {isa = PBXFileReference; fileEncoding = 4; lastKnownFileType = sourcecode.c.h; path = cef_render_process_handler_capi.h; sourceTree = "<group>"; };
		6B7ECB642092F0E70089D74B /* cef_keyboard_handler_capi.h */ = {isa = PBXFileReference; fileEncoding = 4; lastKnownFileType = sourcecode.c.h; path = cef_keyboard_handler_capi.h; sourceTree = "<group>"; };
		6B7ECB652092F0E70089D74B /* cef_scheme_capi.h */ = {isa = PBXFileReference; fileEncoding = 4; lastKnownFileType = sourcecode.c.h; path = cef_scheme_capi.h; sourceTree = "<group>"; };
		6B7ECB662092F0E70089D74B /* cef_v8_capi.h */ = {isa = PBXFileReference; fileEncoding = 4; lastKnownFileType = sourcecode.c.h; path = cef_v8_capi.h; sourceTree = "<group>"; };
		6B7ECB672092F0E70089D74B /* cef_print_handler_capi.h */ = {isa = PBXFileReference; fileEncoding = 4; lastKnownFileType = sourcecode.c.h; path = cef_print_handler_capi.h; sourceTree = "<group>"; };
		6B7ECB682092F0E70089D74B /* cef_context_menu_handler.h */ = {isa = PBXFileReference; fileEncoding = 4; lastKnownFileType = sourcecode.c.h; path = cef_context_menu_handler.h; sourceTree = "<group>"; };
		6B7ECB692092F0E70089D74B /* cef_image.h */ = {isa = PBXFileReference; fileEncoding = 4; lastKnownFileType = sourcecode.c.h; path = cef_image.h; sourceTree = "<group>"; };
		6B7ECB6A2092F0E70089D74B /* cef_file_util.h */ = {isa = PBXFileReference; fileEncoding = 4; lastKnownFileType = sourcecode.c.h; path = cef_file_util.h; sourceTree = "<group>"; };
		6B7ECB6B2092F0E70089D74B /* cef_auth_callback.h */ = {isa = PBXFileReference; fileEncoding = 4; lastKnownFileType = sourcecode.c.h; path = cef_auth_callback.h; sourceTree = "<group>"; };
		6B7ECB6C2092F0E70089D74B /* cef_life_span_handler.h */ = {isa = PBXFileReference; fileEncoding = 4; lastKnownFileType = sourcecode.c.h; path = cef_life_span_handler.h; sourceTree = "<group>"; };
		6B7ECB6D2092F0E70089D74B /* cef_resource_handler.h */ = {isa = PBXFileReference; fileEncoding = 4; lastKnownFileType = sourcecode.c.h; path = cef_resource_handler.h; sourceTree = "<group>"; };
		6B7ECB6E2092F0E70089D74B /* cef_pack_resources.h */ = {isa = PBXFileReference; fileEncoding = 4; lastKnownFileType = sourcecode.c.h; path = cef_pack_resources.h; sourceTree = "<group>"; };
		6B7ECB702092F0E70089D74B /* cef_string.h */ = {isa = PBXFileReference; fileEncoding = 4; lastKnownFileType = sourcecode.c.h; path = cef_string.h; sourceTree = "<group>"; };
		6B7ECB712092F0E70089D74B /* cef_string_wrappers.h */ = {isa = PBXFileReference; fileEncoding = 4; lastKnownFileType = sourcecode.c.h; path = cef_string_wrappers.h; sourceTree = "<group>"; };
		6B7ECB722092F0E70089D74B /* cef_string_multimap.h */ = {isa = PBXFileReference; fileEncoding = 4; lastKnownFileType = sourcecode.c.h; path = cef_string_multimap.h; sourceTree = "<group>"; };
		6B7ECB732092F0E70089D74B /* cef_types_mac.h */ = {isa = PBXFileReference; fileEncoding = 4; lastKnownFileType = sourcecode.c.h; path = cef_types_mac.h; sourceTree = "<group>"; };
		6B7ECB742092F0E70089D74B /* cef_mac.h */ = {isa = PBXFileReference; fileEncoding = 4; lastKnownFileType = sourcecode.c.h; path = cef_mac.h; sourceTree = "<group>"; };
		6B7ECB752092F0E70089D74B /* cef_ptr.h */ = {isa = PBXFileReference; fileEncoding = 4; lastKnownFileType = sourcecode.c.h; path = cef_ptr.h; sourceTree = "<group>"; };
		6B7ECB762092F0E70089D74B /* cef_string_map.h */ = {isa = PBXFileReference; fileEncoding = 4; lastKnownFileType = sourcecode.c.h; path = cef_string_map.h; sourceTree = "<group>"; };
		6B7ECB772092F0E70089D74B /* cef_thread_internal.h */ = {isa = PBXFileReference; fileEncoding = 4; lastKnownFileType = sourcecode.c.h; path = cef_thread_internal.h; sourceTree = "<group>"; };
		6B7ECB782092F0E70089D74B /* cef_types_wrappers.h */ = {isa = PBXFileReference; fileEncoding = 4; lastKnownFileType = sourcecode.c.h; path = cef_types_wrappers.h; sourceTree = "<group>"; };
		6B7ECB792092F0E70089D74B /* cef_types.h */ = {isa = PBXFileReference; fileEncoding = 4; lastKnownFileType = sourcecode.c.h; path = cef_types.h; sourceTree = "<group>"; };
		6B7ECB7A2092F0E70089D74B /* cef_string_list.h */ = {isa = PBXFileReference; fileEncoding = 4; lastKnownFileType = sourcecode.c.h; path = cef_string_list.h; sourceTree = "<group>"; };
		6B7ECB7B2092F0E70089D74B /* cef_time.h */ = {isa = PBXFileReference; fileEncoding = 4; lastKnownFileType = sourcecode.c.h; path = cef_time.h; sourceTree = "<group>"; };
		6B7ECB7C2092F0E70089D74B /* cef_trace_event_internal.h */ = {isa = PBXFileReference; fileEncoding = 4; lastKnownFileType = sourcecode.c.h; path = cef_trace_event_internal.h; sourceTree = "<group>"; };
		6B7ECB7D2092F0E70089D74B /* cef_string_types.h */ = {isa = PBXFileReference; fileEncoding = 4; lastKnownFileType = sourcecode.c.h; path = cef_string_types.h; sourceTree = "<group>"; };
		6B7ECB7E2092F0E70089D74B /* cef_export.h */ = {isa = PBXFileReference; fileEncoding = 4; lastKnownFileType = sourcecode.c.h; path = cef_export.h; sourceTree = "<group>"; };
		6B7ECB7F2092F0E70089D74B /* cef_logging_internal.h */ = {isa = PBXFileReference; fileEncoding = 4; lastKnownFileType = sourcecode.c.h; path = cef_logging_internal.h; sourceTree = "<group>"; };
		6B7ECB802092F0E70089D74B /* cef_download_handler.h */ = {isa = PBXFileReference; fileEncoding = 4; lastKnownFileType = sourcecode.c.h; path = cef_download_handler.h; sourceTree = "<group>"; };
		6B7ECB812092F0E70089D74B /* cef_thread.h */ = {isa = PBXFileReference; fileEncoding = 4; lastKnownFileType = sourcecode.c.h; path = cef_thread.h; sourceTree = "<group>"; };
		6B7ECB822092F0E70089D74B /* cef_print_handler.h */ = {isa = PBXFileReference; fileEncoding = 4; lastKnownFileType = sourcecode.c.h; path = cef_print_handler.h; sourceTree = "<group>"; };
		6B7ECB832092F0E70089D74B /* cef_values.h */ = {isa = PBXFileReference; fileEncoding = 4; lastKnownFileType = sourcecode.c.h; path = cef_values.h; sourceTree = "<group>"; };
		6B7ECB842092F0E70089D74B /* cef_dialog_handler.h */ = {isa = PBXFileReference; fileEncoding = 4; lastKnownFileType = sourcecode.c.h; path = cef_dialog_handler.h; sourceTree = "<group>"; };
		6B7ECB852092F0E70089D74B /* cef_waitable_event.h */ = {isa = PBXFileReference; fileEncoding = 4; lastKnownFileType = sourcecode.c.h; path = cef_waitable_event.h; sourceTree = "<group>"; };
		6B7ECB862092F0E70089D74B /* cef_menu_model_delegate.h */ = {isa = PBXFileReference; fileEncoding = 4; lastKnownFileType = sourcecode.c.h; path = cef_menu_model_delegate.h; sourceTree = "<group>"; };
		6B7ECB872092F0E70089D74B /* cef_path_util.h */ = {isa = PBXFileReference; fileEncoding = 4; lastKnownFileType = sourcecode.c.h; path = cef_path_util.h; sourceTree = "<group>"; };
		6B7ECB882092F0E70089D74B /* cef_cookie.h */ = {isa = PBXFileReference; fileEncoding = 4; lastKnownFileType = sourcecode.c.h; path = cef_cookie.h; sourceTree = "<group>"; };
		6B7ECB892092F0E70089D74B /* cef_zip_reader.h */ = {isa = PBXFileReference; fileEncoding = 4; lastKnownFileType = sourcecode.c.h; path = cef_zip_reader.h; sourceTree = "<group>"; };
		6B7ECB8A2092F0E70089D74B /* cef_scheme.h */ = {isa = PBXFileReference; fileEncoding = 4; lastKnownFileType = sourcecode.c.h; path = cef_scheme.h; sourceTree = "<group>"; };
		6B7ECB8B2092F0E70089D74B /* cef_focus_handler.h */ = {isa = PBXFileReference; fileEncoding = 4; lastKnownFileType = sourcecode.c.h; path = cef_focus_handler.h; sourceTree = "<group>"; };
		6B7ECB8C2092F0E70089D74B /* cef_stream.h */ = {isa = PBXFileReference; fileEncoding = 4; lastKnownFileType = sourcecode.c.h; path = cef_stream.h; sourceTree = "<group>"; };
		6B7ECB8D2092F0E70089D74B /* cef_navigation_entry.h */ = {isa = PBXFileReference; fileEncoding = 4; lastKnownFileType = sourcecode.c.h; path = cef_navigation_entry.h; sourceTree = "<group>"; };
		6B7ECB8E2092F0E70089D74B /* cef_browser.h */ = {isa = PBXFileReference; fileEncoding = 4; lastKnownFileType = sourcecode.c.h; path = cef_browser.h; sourceTree = "<group>"; };
		6B7ECB8F2092F0E70089D74B /* cef_x509_certificate.h */ = {isa = PBXFileReference; fileEncoding = 4; lastKnownFileType = sourcecode.c.h; path = cef_x509_certificate.h; sourceTree = "<group>"; };
		6B7ECB902092F0E70089D74B /* cef_menu_model.h */ = {isa = PBXFileReference; fileEncoding = 4; lastKnownFileType = sourcecode.c.h; path = cef_menu_model.h; sourceTree = "<group>"; };
		6B7ECB912092F0E70089D74B /* cef_crash_util.h */ = {isa = PBXFileReference; fileEncoding = 4; lastKnownFileType = sourcecode.c.h; path = cef_crash_util.h; sourceTree = "<group>"; };
		6B7ECB922092F0E70089D74B /* cef_jsdialog_handler.h */ = {isa = PBXFileReference; fileEncoding = 4; lastKnownFileType = sourcecode.c.h; path = cef_jsdialog_handler.h; sourceTree = "<group>"; };
		6B7ECB932092F0E70089D74B /* cef_request_context.h */ = {isa = PBXFileReference; fileEncoding = 4; lastKnownFileType = sourcecode.c.h; path = cef_request_context.h; sourceTree = "<group>"; };
		6B7ECB942092F0E70089D74B /* cef_load_handler.h */ = {isa = PBXFileReference; fileEncoding = 4; lastKnownFileType = sourcecode.c.h; path = cef_load_handler.h; sourceTree = "<group>"; };
		6B7ECB952092F0E70089D74B /* cef_request.h */ = {isa = PBXFileReference; fileEncoding = 4; lastKnownFileType = sourcecode.c.h; path = cef_request.h; sourceTree = "<group>"; };
		6B7ECB962092F0E70089D74B /* cef_process_message.h */ = {isa = PBXFileReference; fileEncoding = 4; lastKnownFileType = sourcecode.c.h; path = cef_process_message.h; sourceTree = "<group>"; };
		6B7ECB972092F0E70089D74B /* cef_browser_process_handler.h */ = {isa = PBXFileReference; fileEncoding = 4; lastKnownFileType = sourcecode.c.h; path = cef_browser_process_handler.h; sourceTree = "<group>"; };
		6B7ECB982092F0E70089D74B /* cef_extension.h */ = {isa = PBXFileReference; fileEncoding = 4; lastKnownFileType = sourcecode.c.h; path = cef_extension.h; sourceTree = "<group>"; };
		6B7ECB992092F0E70089D74B /* cef_web_plugin.h */ = {isa = PBXFileReference; fileEncoding = 4; lastKnownFileType = sourcecode.c.h; path = cef_web_plugin.h; sourceTree = "<group>"; };
		6B7ECB9A2092F0E70089D74B /* cef_parser.h */ = {isa = PBXFileReference; fileEncoding = 4; lastKnownFileType = sourcecode.c.h; path = cef_parser.h; sourceTree = "<group>"; };
		6B7ECB9B2092F0E70089D74B /* cef_extension_handler.h */ = {isa = PBXFileReference; fileEncoding = 4; lastKnownFileType = sourcecode.c.h; path = cef_extension_handler.h; sourceTree = "<group>"; };
		6B7ECB9C2092F0E70089D74B /* cef_application_mac.h */ = {isa = PBXFileReference; fileEncoding = 4; lastKnownFileType = sourcecode.c.h; path = cef_application_mac.h; sourceTree = "<group>"; };
		6B7ECB9D2092F0E70089D74B /* cef_find_handler.h */ = {isa = PBXFileReference; fileEncoding = 4; lastKnownFileType = sourcecode.c.h; path = cef_find_handler.h; sourceTree = "<group>"; };
		6B7ECB9E2092F0E70089D74B /* cef_v8.h */ = {isa = PBXFileReference; fileEncoding = 4; lastKnownFileType = sourcecode.c.h; path = cef_v8.h; sourceTree = "<group>"; };
		6B7ECB9F2092F0E70089D74B /* cef_task.h */ = {isa = PBXFileReference; fileEncoding = 4; lastKnownFileType = sourcecode.c.h; path = cef_task.h; sourceTree = "<group>"; };
		6B7ECBA02092F0E70089D74B /* cef_process_util.h */ = {isa = PBXFileReference; fileEncoding = 4; lastKnownFileType = sourcecode.c.h; path = cef_process_util.h; sourceTree = "<group>"; };
		6B7ECBA12092F0E70089D74B /* cef_geolocation.h */ = {isa = PBXFileReference; fileEncoding = 4; lastKnownFileType = sourcecode.c.h; path = cef_geolocation.h; sourceTree = "<group>"; };
		6B7ECBA22092F0E70089D74B /* cef_dom.h */ = {isa = PBXFileReference; fileEncoding = 4; lastKnownFileType = sourcecode.c.h; path = cef_dom.h; sourceTree = "<group>"; };
		6B7ECBA42092F0E70089D74B /* cef_panel.h */ = {isa = PBXFileReference; fileEncoding = 4; lastKnownFileType = sourcecode.c.h; path = cef_panel.h; sourceTree = "<group>"; };
		6B7ECBA52092F0E70089D74B /* cef_browser_view_delegate.h */ = {isa = PBXFileReference; fileEncoding = 4; lastKnownFileType = sourcecode.c.h; path = cef_browser_view_delegate.h; sourceTree = "<group>"; };
		6B7ECBA62092F0E70089D74B /* cef_box_layout.h */ = {isa = PBXFileReference; fileEncoding = 4; lastKnownFileType = sourcecode.c.h; path = cef_box_layout.h; sourceTree = "<group>"; };
		6B7ECBA72092F0E70089D74B /* cef_menu_button_delegate.h */ = {isa = PBXFileReference; fileEncoding = 4; lastKnownFileType = sourcecode.c.h; path = cef_menu_button_delegate.h; sourceTree = "<group>"; };
		6B7ECBA82092F0E70089D74B /* cef_button.h */ = {isa = PBXFileReference; fileEncoding = 4; lastKnownFileType = sourcecode.c.h; path = cef_button.h; sourceTree = "<group>"; };
		6B7ECBA92092F0E70089D74B /* cef_menu_button.h */ = {isa = PBXFileReference; fileEncoding = 4; lastKnownFileType = sourcecode.c.h; path = cef_menu_button.h; sourceTree = "<group>"; };
		6B7ECBAA2092F0E70089D74B /* cef_browser_view.h */ = {isa = PBXFileReference; fileEncoding = 4; lastKnownFileType = sourcecode.c.h; path = cef_browser_view.h; sourceTree = "<group>"; };
		6B7ECBAB2092F0E70089D74B /* cef_window_delegate.h */ = {isa = PBXFileReference; fileEncoding = 4; lastKnownFileType = sourcecode.c.h; path = cef_window_delegate.h; sourceTree = "<group>"; };
		6B7ECBAC2092F0E70089D74B /* cef_layout.h */ = {isa = PBXFileReference; fileEncoding = 4; lastKnownFileType = sourcecode.c.h; path = cef_layout.h; sourceTree = "<group>"; };
		6B7ECBAD2092F0E70089D74B /* cef_scroll_view.h */ = {isa = PBXFileReference; fileEncoding = 4; lastKnownFileType = sourcecode.c.h; path = cef_scroll_view.h; sourceTree = "<group>"; };
		6B7ECBAE2092F0E70089D74B /* cef_display.h */ = {isa = PBXFileReference; fileEncoding = 4; lastKnownFileType = sourcecode.c.h; path = cef_display.h; sourceTree = "<group>"; };
		6B7ECBAF2092F0E70089D74B /* cef_window.h */ = {isa = PBXFileReference; fileEncoding = 4; lastKnownFileType = sourcecode.c.h; path = cef_window.h; sourceTree = "<group>"; };
		6B7ECBB02092F0E70089D74B /* cef_view.h */ = {isa = PBXFileReference; fileEncoding = 4; lastKnownFileType = sourcecode.c.h; path = cef_view.h; sourceTree = "<group>"; };
		6B7ECBB12092F0E70089D74B /* cef_panel_delegate.h */ = {isa = PBXFileReference; fileEncoding = 4; lastKnownFileType = sourcecode.c.h; path = cef_panel_delegate.h; sourceTree = "<group>"; };
		6B7ECBB22092F0E70089D74B /* cef_textfield.h */ = {isa = PBXFileReference; fileEncoding = 4; lastKnownFileType = sourcecode.c.h; path = cef_textfield.h; sourceTree = "<group>"; };
		6B7ECBB32092F0E70089D74B /* cef_fill_layout.h */ = {isa = PBXFileReference; fileEncoding = 4; lastKnownFileType = sourcecode.c.h; path = cef_fill_layout.h; sourceTree = "<group>"; };
		6B7ECBB42092F0E70089D74B /* cef_label_button.h */ = {isa = PBXFileReference; fileEncoding = 4; lastKnownFileType = sourcecode.c.h; path = cef_label_button.h; sourceTree = "<group>"; };
		6B7ECBB52092F0E70089D74B /* cef_view_delegate.h */ = {isa = PBXFileReference; fileEncoding = 4; lastKnownFileType = sourcecode.c.h; path = cef_view_delegate.h; sourceTree = "<group>"; };
		6B7ECBB62092F0E70089D74B /* cef_textfield_delegate.h */ = {isa = PBXFileReference; fileEncoding = 4; lastKnownFileType = sourcecode.c.h; path = cef_textfield_delegate.h; sourceTree = "<group>"; };
		6B7ECBB72092F0E70089D74B /* cef_button_delegate.h */ = {isa = PBXFileReference; fileEncoding = 4; lastKnownFileType = sourcecode.c.h; path = cef_button_delegate.h; sourceTree = "<group>"; };
		6B7ECBB82092F0E70089D74B /* cef_command_line.h */ = {isa = PBXFileReference; fileEncoding = 4; lastKnownFileType = sourcecode.c.h; path = cef_command_line.h; sourceTree = "<group>"; };
		6B7ECBB92092F0E70089D74B /* cef_client.h */ = {isa = PBXFileReference; fileEncoding = 4; lastKnownFileType = sourcecode.c.h; path = cef_client.h; sourceTree = "<group>"; };
		6B7ECBBA2092F0E70089D74B /* cef_download_item.h */ = {isa = PBXFileReference; fileEncoding = 4; lastKnownFileType = sourcecode.c.h; path = cef_download_item.h; sourceTree = "<group>"; };
		6B7ECBBB2092F0E70089D74B /* cef_frame.h */ = {isa = PBXFileReference; fileEncoding = 4; lastKnownFileType = sourcecode.c.h; path = cef_frame.h; sourceTree = "<group>"; };
		6B7ECBBC2092F0E70089D74B /* cef_xml_reader.h */ = {isa = PBXFileReference; fileEncoding = 4; lastKnownFileType = sourcecode.c.h; path = cef_xml_reader.h; sourceTree = "<group>"; };
		6B7ECBBD2092F0E70089D74B /* cef_app.h */ = {isa = PBXFileReference; fileEncoding = 4; lastKnownFileType = sourcecode.c.h; path = cef_app.h; sourceTree = "<group>"; };
		6B7ECBBF2092F0E70089D74B /* cef_move.h */ = {isa = PBXFileReference; fileEncoding = 4; lastKnownFileType = sourcecode.c.h; path = cef_move.h; sourceTree = "<group>"; };
		6B7ECBC02092F0E70089D74B /* cef_tuple.h */ = {isa = PBXFileReference; fileEncoding = 4; lastKnownFileType = sourcecode.c.h; path = cef_tuple.h; sourceTree = "<group>"; };
		6B7ECBC12092F0E70089D74B /* cef_bind.h */ = {isa = PBXFileReference; fileEncoding = 4; lastKnownFileType = sourcecode.c.h; path = cef_bind.h; sourceTree = "<group>"; };
		6B7ECBC22092F0E70089D74B /* cef_thread_checker.h */ = {isa = PBXFileReference; fileEncoding = 4; lastKnownFileType = sourcecode.c.h; path = cef_thread_checker.h; sourceTree = "<group>"; };
		6B7ECBC32092F0E70089D74B /* cef_bind_helpers.h */ = {isa = PBXFileReference; fileEncoding = 4; lastKnownFileType = sourcecode.c.h; path = cef_bind_helpers.h; sourceTree = "<group>"; };
		6B7ECBC42092F0E70089D74B /* cef_ref_counted.h */ = {isa = PBXFileReference; fileEncoding = 4; lastKnownFileType = sourcecode.c.h; path = cef_ref_counted.h; sourceTree = "<group>"; };
		6B7ECBC52092F0E70089D74B /* cef_callback.h */ = {isa = PBXFileReference; fileEncoding = 4; lastKnownFileType = sourcecode.c.h; path = cef_callback.h; sourceTree = "<group>"; };
		6B7ECBC62092F0E70089D74B /* cef_platform_thread.h */ = {isa = PBXFileReference; fileEncoding = 4; lastKnownFileType = sourcecode.c.h; path = cef_platform_thread.h; sourceTree = "<group>"; };
		6B7ECBC72092F0E70089D74B /* cef_macros.h */ = {isa = PBXFileReference; fileEncoding = 4; lastKnownFileType = sourcecode.c.h; path = cef_macros.h; sourceTree = "<group>"; };
		6B7ECBC92092F0E70089D74B /* cef_raw_scoped_refptr_mismatch_checker.h */ = {isa = PBXFileReference; fileEncoding = 4; lastKnownFileType = sourcecode.c.h; path = cef_raw_scoped_refptr_mismatch_checker.h; sourceTree = "<group>"; };
		6B7ECBCA2092F0E70089D74B /* cef_atomicops_atomicword_compat.h */ = {isa = PBXFileReference; fileEncoding = 4; lastKnownFileType = sourcecode.c.h; path = cef_atomicops_atomicword_compat.h; sourceTree = "<group>"; };
		6B7ECBCB2092F0E70089D74B /* cef_thread_checker_impl.h */ = {isa = PBXFileReference; fileEncoding = 4; lastKnownFileType = sourcecode.c.h; path = cef_thread_checker_impl.h; sourceTree = "<group>"; };
		6B7ECBCC2092F0E70089D74B /* cef_lock_impl.h */ = {isa = PBXFileReference; fileEncoding = 4; lastKnownFileType = sourcecode.c.h; path = cef_lock_impl.h; sourceTree = "<group>"; };
		6B7ECBCD2092F0E70089D74B /* cef_bind_internal.h */ = {isa = PBXFileReference; fileEncoding = 4; lastKnownFileType = sourcecode.c.h; path = cef_bind_internal.h; sourceTree = "<group>"; };
		6B7ECBCE2092F0E70089D74B /* cef_atomicops_mac.h */ = {isa = PBXFileReference; fileEncoding = 4; lastKnownFileType = sourcecode.c.h; path = cef_atomicops_mac.h; sourceTree = "<group>"; };
		6B7ECBCF2092F0E70089D74B /* cef_callback_internal.h */ = {isa = PBXFileReference; fileEncoding = 4; lastKnownFileType = sourcecode.c.h; path = cef_callback_internal.h; sourceTree = "<group>"; };
		6B7ECBD02092F0E70089D74B /* cef_cancelable_callback.h */ = {isa = PBXFileReference; fileEncoding = 4; lastKnownFileType = sourcecode.c.h; path = cef_cancelable_callback.h; sourceTree = "<group>"; };
		6B7ECBD12092F0E70089D74B /* cef_callback_helpers.h */ = {isa = PBXFileReference; fileEncoding = 4; lastKnownFileType = sourcecode.c.h; path = cef_callback_helpers.h; sourceTree = "<group>"; };
		6B7ECBD22092F0E70089D74B /* cef_basictypes.h */ = {isa = PBXFileReference; fileEncoding = 4; lastKnownFileType = sourcecode.c.h; path = cef_basictypes.h; sourceTree = "<group>"; };
		6B7ECBD32092F0E70089D74B /* cef_callback_forward.h */ = {isa = PBXFileReference; fileEncoding = 4; lastKnownFileType = sourcecode.c.h; path = cef_callback_forward.h; sourceTree = "<group>"; };
		6B7ECBD42092F0E70089D74B /* cef_logging.h */ = {isa = PBXFileReference; fileEncoding = 4; lastKnownFileType = sourcecode.c.h; path = cef_logging.h; sourceTree = "<group>"; };
		6B7ECBD52092F0E70089D74B /* cef_atomic_ref_count.h */ = {isa = PBXFileReference; fileEncoding = 4; lastKnownFileType = sourcecode.c.h; path = cef_atomic_ref_count.h; sourceTree = "<group>"; };
		6B7ECBD62092F0E70089D74B /* cef_atomicops.h */ = {isa = PBXFileReference; fileEncoding = 4; lastKnownFileType = sourcecode.c.h; path = cef_atomicops.h; sourceTree = "<group>"; };
		6B7ECBD72092F0E70089D74B /* cef_thread_collision_warner.h */ = {isa = PBXFileReference; fileEncoding = 4; lastKnownFileType = sourcecode.c.h; path = cef_thread_collision_warner.h; sourceTree = "<group>"; };
		6B7ECBD82092F0E70089D74B /* cef_string16.h */ = {isa = PBXFileReference; fileEncoding = 4; lastKnownFileType = sourcecode.c.h; path = cef_string16.h; sourceTree = "<group>"; };
		6B7ECBD92092F0E70089D74B /* cef_build.h */ = {isa = PBXFileReference; fileEncoding = 4; lastKnownFileType = sourcecode.c.h; path = cef_build.h; sourceTree = "<group>"; };
		6B7ECBDA2092F0E70089D74B /* cef_lock.h */ = {isa = PBXFileReference; fileEncoding = 4; lastKnownFileType = sourcecode.c.h; path = cef_lock.h; sourceTree = "<group>"; };
		6B7ECBDB2092F0E70089D74B /* cef_trace_event.h */ = {isa = PBXFileReference; fileEncoding = 4; lastKnownFileType = sourcecode.c.h; path = cef_trace_event.h; sourceTree = "<group>"; };
		6B7ECBDC2092F0E70089D74B /* cef_callback_list.h */ = {isa = PBXFileReference; fileEncoding = 4; lastKnownFileType = sourcecode.c.h; path = cef_callback_list.h; sourceTree = "<group>"; };
		6B7ECBDD2092F0E70089D74B /* cef_scoped_ptr.h */ = {isa = PBXFileReference; fileEncoding = 4; lastKnownFileType = sourcecode.c.h; path = cef_scoped_ptr.h; sourceTree = "<group>"; };
		6B7ECBDE2092F0E70089D74B /* cef_weak_ptr.h */ = {isa = PBXFileReference; fileEncoding = 4; lastKnownFileType = sourcecode.c.h; path = cef_weak_ptr.h; sourceTree = "<group>"; };
		6B7ECBDF2092F0E70089D74B /* cef_template_util.h */ = {isa = PBXFileReference; fileEncoding = 4; lastKnownFileType = sourcecode.c.h; path = cef_template_util.h; sourceTree = "<group>"; };
		6B7ECBE02092F0E70089D74B /* cef_response.h */ = {isa = PBXFileReference; fileEncoding = 4; lastKnownFileType = sourcecode.c.h; path = cef_response.h; sourceTree = "<group>"; };
		6B7ECBE32092F0E70089D74B /* Chromium Embedded Framework.framework */ = {isa = PBXFileReference; lastKnownFileType = wrapper.framework; path = "Chromium Embedded Framework.framework"; sourceTree = "<group>"; };
		6B7ECBE42092F0E70089D74B /* cef_helper_mac.app */ = {isa = PBXFileReference; lastKnownFileType = wrapper.application; path = cef_helper_mac.app; sourceTree = "<group>"; };
		6B7ECBE52092F0E70089D74B /* libcef_dll_wrapper.a */ = {isa = PBXFileReference; lastKnownFileType = archive.ar; path = libcef_dll_wrapper.a; sourceTree = "<group>"; };
		70501EADBF1A4D85B370A420 /* CEFCinderSample_Prefix.pch */ = {isa = PBXFileReference; lastKnownFileType = "\"\""; path = CEFCinderSample_Prefix.pch; sourceTree = "<group>"; };
		8D1107320486CEB800E47090 /* CEFCinderSample.app */ = {isa = PBXFileReference; explicitFileType = wrapper.application; includeInIndex = 0; path = CEFCinderSample.app; sourceTree = BUILT_PRODUCTS_DIR; };
		905E5A48203FEDE700D91CBC /* Cocoa.framework */ = {isa = PBXFileReference; lastKnownFileType = wrapper.framework; name = Cocoa.framework; path = System/Library/Frameworks/Cocoa.framework; sourceTree = SDKROOT; };
		905E5A50203FEE2C00D91CBC /* CoreVideo.framework */ = {isa = PBXFileReference; lastKnownFileType = wrapper.framework; name = CoreVideo.framework; path = System/Library/Frameworks/CoreVideo.framework; sourceTree = SDKROOT; };
		905E5A52203FEE3500D91CBC /* OpenGL.framework */ = {isa = PBXFileReference; lastKnownFileType = wrapper.framework; name = OpenGL.framework; path = System/Library/Frameworks/OpenGL.framework; sourceTree = SDKROOT; };
		907B13AB20365A7D003101DE /* CEFCinderSample copy-Info.plist */ = {isa = PBXFileReference; lastKnownFileType = text.plist.xml; name = "CEFCinderSample copy-Info.plist"; path = "/Users/callumhoward/Documents/CinderApps/coc/cef/CEFCinderSample/xcode/CEFCinderSample copy-Info.plist"; sourceTree = "<absolute>"; };
		C556A1C22092BC9E00F4740C /* Chromium Embedded Framework.framework */ = {isa = PBXFileReference; lastKnownFileType = wrapper.framework; name = "Chromium Embedded Framework.framework"; path = "../../../libs/cef/lib/osx/Chromium Embedded Framework.framework"; sourceTree = "<group>"; };
		C57BB6DE205B7A13004C0212 /* ciCEF.cpp */ = {isa = PBXFileReference; explicitFileType = sourcecode.cpp.objcpp; name = ciCEF.cpp; path = ../../../src/ciCEF.cpp; sourceTree = "<group>"; };
		C57BB6DF205B7A13004C0212 /* ciCEF.h */ = {isa = PBXFileReference; lastKnownFileType = sourcecode.c.h; name = ciCEF.h; path = ../../../src/ciCEF.h; sourceTree = "<group>"; };
		C5A61C23205F5C8900DED73D /* ciCEFBrowserClient.cpp */ = {isa = PBXFileReference; fileEncoding = 4; lastKnownFileType = sourcecode.cpp.cpp; name = ciCEFBrowserClient.cpp; path = ../../../src/ciCEFBrowserClient.cpp; sourceTree = "<group>"; };
		C5A61C24205F5C8900DED73D /* ciCEFBrowserClient.h */ = {isa = PBXFileReference; fileEncoding = 4; lastKnownFileType = sourcecode.c.h; name = ciCEFBrowserClient.h; path = ../../../src/ciCEFBrowserClient.h; sourceTree = "<group>"; };
		C5A61C26205F5CD500DED73D /* ciCEFRenderHandler.h */ = {isa = PBXFileReference; fileEncoding = 4; lastKnownFileType = sourcecode.c.h; name = ciCEFRenderHandler.h; path = ../../../src/ciCEFRenderHandler.h; sourceTree = "<group>"; };
		D84CF1BDB0E14CE9B9CEB24B /* Resources.h */ = {isa = PBXFileReference; lastKnownFileType = sourcecode.c.h; name = Resources.h; path = ../include/Resources.h; sourceTree = "<group>"; };
/* End PBXFileReference section */

/* Begin PBXFrameworksBuildPhase section */
		8D11072E0486CEB800E47090 /* Frameworks */ = {
			isa = PBXFrameworksBuildPhase;
			buildActionMask = 2147483647;
			files = (
				905E5A55203FEE5600D91CBC /* AVFoundation.framework in Frameworks */,
				905E5A54203FEE4C00D91CBC /* CoreMedia.framework in Frameworks */,
				905E5A49203FEDE700D91CBC /* Cocoa.framework in Frameworks */,
				905E5A53203FEE3500D91CBC /* OpenGL.framework in Frameworks */,
				905E5A51203FEE2C00D91CBC /* CoreVideo.framework in Frameworks */,
				905E5A4F203FEE2300D91CBC /* Accelerate.framework in Frameworks */,
				905E5A4E203FEE1C00D91CBC /* AudioToolbox.framework in Frameworks */,
				905E5A4D203FEE1200D91CBC /* AudioUnit.framework in Frameworks */,
				905E5A4C203FEE0C00D91CBC /* CoreAudio.framework in Frameworks */,
				6B7ECBE62092F0E70089D74B /* Chromium Embedded Framework.framework in Frameworks */,
				905E5A4B203FEDFE00D91CBC /* IOKit.framework in Frameworks */,
				905E5A4A203FEDF400D91CBC /* IOSurface.framework in Frameworks */,
			);
			runOnlyForDeploymentPostprocessing = 0;
		};
/* End PBXFrameworksBuildPhase section */

/* Begin PBXGroup section */
		01B97315FEAEA392516A2CEA /* Blocks */ = {
			isa = PBXGroup;
			children = (
				C57BB6C7205B7035004C0212 /* Cinder-CEF */,
			);
			name = Blocks;
			sourceTree = "<group>";
		};
		080E96DDFE201D6D7F000001 /* Source */ = {
			isa = PBXGroup;
			children = (
				25D86ED7437A4C1D91CBDB4B /* CEFCinderSampleApp.cpp */,
			);
			name = Source;
			sourceTree = "<group>";
		};
		1058C7A0FEA54F0111CA2CBB /* Linked Frameworks */ = {
			isa = PBXGroup;
			children = (
				006D720219952D00008149E2 /* AVFoundation.framework */,
				006D720319952D00008149E2 /* CoreMedia.framework */,
				00B784AF0FF439BC000DE1D7 /* Accelerate.framework */,
				00B784B00FF439BC000DE1D7 /* AudioToolbox.framework */,
				00B784B10FF439BC000DE1D7 /* AudioUnit.framework */,
				00B784B20FF439BC000DE1D7 /* CoreAudio.framework */,
				5323E6B10EAFCA74003A9687 /* CoreVideo.framework */,
				0091D8F80E81B9330029341E /* OpenGL.framework */,
				1058C7A1FEA54F0111CA2CBB /* Cocoa.framework */,
				00B995581B128DF400A5C623 /* IOKit.framework */,
				00B995591B128DF400A5C623 /* IOSurface.framework */,
			);
			name = "Linked Frameworks";
			sourceTree = "<group>";
		};
		1058C7A2FEA54F0111CA2CBB /* Other Frameworks */ = {
			isa = PBXGroup;
			children = (
				29B97324FDCFA39411CA2CEA /* AppKit.framework */,
				29B97325FDCFA39411CA2CEA /* Foundation.framework */,
			);
			name = "Other Frameworks";
			sourceTree = "<group>";
		};
		19C28FACFE9D520D11CA2CBB /* Products */ = {
			isa = PBXGroup;
			children = (
				8D1107320486CEB800E47090 /* CEFCinderSample.app */,
			);
			name = Products;
			sourceTree = "<group>";
		};
		29B97314FDCFA39411CA2CEA /* CEFCinderSample */ = {
			isa = PBXGroup;
			children = (
				C556A1C22092BC9E00F4740C /* Chromium Embedded Framework.framework */,
				01B97315FEAEA392516A2CEA /* Blocks */,
				29B97315FDCFA39411CA2CEA /* Headers */,
				080E96DDFE201D6D7F000001 /* Source */,
				29B97317FDCFA39411CA2CEA /* Resources */,
				29B97323FDCFA39411CA2CEA /* Frameworks */,
				19C28FACFE9D520D11CA2CBB /* Products */,
				907B13AB20365A7D003101DE /* CEFCinderSample copy-Info.plist */,
			);
			name = CEFCinderSample;
			sourceTree = "<group>";
		};
		29B97315FDCFA39411CA2CEA /* Headers */ = {
			isa = PBXGroup;
			children = (
				D84CF1BDB0E14CE9B9CEB24B /* Resources.h */,
				70501EADBF1A4D85B370A420 /* CEFCinderSample_Prefix.pch */,
			);
			name = Headers;
			sourceTree = "<group>";
		};
		29B97317FDCFA39411CA2CEA /* Resources */ = {
			isa = PBXGroup;
			children = (
				66E9EABCA997424BA7F595AA /* CinderApp.icns */,
				133D7F6900C74B67A676E6D8 /* Info.plist */,
			);
			name = Resources;
			sourceTree = "<group>";
		};
		29B97323FDCFA39411CA2CEA /* Frameworks */ = {
			isa = PBXGroup;
			children = (
				905E5A52203FEE3500D91CBC /* OpenGL.framework */,
				905E5A50203FEE2C00D91CBC /* CoreVideo.framework */,
				905E5A48203FEDE700D91CBC /* Cocoa.framework */,
				1058C7A0FEA54F0111CA2CBB /* Linked Frameworks */,
				1058C7A2FEA54F0111CA2CBB /* Other Frameworks */,
			);
			name = Frameworks;
			sourceTree = "<group>";
		};
		6B7ECAE02092F0E70089D74B /* libs */ = {
			isa = PBXGroup;
			children = (
				6B7ECAE12092F0E70089D74B /* cef */,
			);
			name = libs;
			path = ../../../libs;
			sourceTree = "<group>";
		};
		6B7ECAE12092F0E70089D74B /* cef */ = {
			isa = PBXGroup;
			children = (
				6B7ECAE22092F0E70089D74B /* include */,
				6B7ECBE12092F0E70089D74B /* lib */,
			);
			path = cef;
			sourceTree = "<group>";
		};
		6B7ECAE22092F0E70089D74B /* include */ = {
			isa = PBXGroup;
			children = (
				6B7ECAE32092F0E70089D74B /* cef_render_handler.h */,
				6B7ECAE42092F0E70089D74B /* cef_pack_strings.h */,
				6B7ECAE52092F0E70089D74B /* cef_response_filter.h */,
				6B7ECAE62092F0E70089D74B /* cef_render_process_handler.h */,
				6B7ECAE72092F0E70089D74B /* cef_accessibility_handler.h */,
				6B7ECAE82092F0E70089D74B /* cef_keyboard_handler.h */,
				6B7ECAE92092F0E70089D74B /* cef_string_visitor.h */,
				6B7ECAEA2092F0E70089D74B /* cef_server.h */,
				6B7ECAEB2092F0E70089D74B /* cef_drag_data.h */,
				6B7ECAEC2092F0E70089D74B /* cef_trace.h */,
				6B7ECAED2092F0E70089D74B /* cef_resource_bundle.h */,
				6B7ECAEE2092F0E70089D74B /* cef_base.h */,
				6B7ECAEF2092F0E70089D74B /* cef_ssl_status.h */,
				6B7ECAF02092F0E70089D74B /* cef_ssl_info.h */,
				6B7ECAF12092F0E70089D74B /* test */,
				6B7ECAF42092F0E70089D74B /* cef_callback.h */,
				6B7ECAF52092F0E70089D74B /* cef_request_handler.h */,
				6B7ECAF62092F0E70089D74B /* cef_version.h */,
				6B7ECAF72092F0E70089D74B /* cef_drag_handler.h */,
				6B7ECAF82092F0E70089D74B /* cef_origin_whitelist.h */,
				6B7ECAF92092F0E70089D74B /* wrapper */,
				6B7ECB032092F0E70089D74B /* cef_request_context_handler.h */,
				6B7ECB042092F0E70089D74B /* cef_resource_bundle_handler.h */,
				6B7ECB052092F0E70089D74B /* cef_geolocation_handler.h */,
				6B7ECB062092F0E70089D74B /* cef_print_settings.h */,
				6B7ECB072092F0E70089D74B /* cef_display_handler.h */,
				6B7ECB082092F0E70089D74B /* cef_urlrequest.h */,
				6B7ECB092092F0E70089D74B /* capi */,
				6B7ECB682092F0E70089D74B /* cef_context_menu_handler.h */,
				6B7ECB692092F0E70089D74B /* cef_image.h */,
				6B7ECB6A2092F0E70089D74B /* cef_file_util.h */,
				6B7ECB6B2092F0E70089D74B /* cef_auth_callback.h */,
				6B7ECB6C2092F0E70089D74B /* cef_life_span_handler.h */,
				6B7ECB6D2092F0E70089D74B /* cef_resource_handler.h */,
				6B7ECB6E2092F0E70089D74B /* cef_pack_resources.h */,
				6B7ECB6F2092F0E70089D74B /* internal */,
				6B7ECB802092F0E70089D74B /* cef_download_handler.h */,
				6B7ECB812092F0E70089D74B /* cef_thread.h */,
				6B7ECB822092F0E70089D74B /* cef_print_handler.h */,
				6B7ECB832092F0E70089D74B /* cef_values.h */,
				6B7ECB842092F0E70089D74B /* cef_dialog_handler.h */,
				6B7ECB852092F0E70089D74B /* cef_waitable_event.h */,
				6B7ECB862092F0E70089D74B /* cef_menu_model_delegate.h */,
				6B7ECB872092F0E70089D74B /* cef_path_util.h */,
				6B7ECB882092F0E70089D74B /* cef_cookie.h */,
				6B7ECB892092F0E70089D74B /* cef_zip_reader.h */,
				6B7ECB8A2092F0E70089D74B /* cef_scheme.h */,
				6B7ECB8B2092F0E70089D74B /* cef_focus_handler.h */,
				6B7ECB8C2092F0E70089D74B /* cef_stream.h */,
				6B7ECB8D2092F0E70089D74B /* cef_navigation_entry.h */,
				6B7ECB8E2092F0E70089D74B /* cef_browser.h */,
				6B7ECB8F2092F0E70089D74B /* cef_x509_certificate.h */,
				6B7ECB902092F0E70089D74B /* cef_menu_model.h */,
				6B7ECB912092F0E70089D74B /* cef_crash_util.h */,
				6B7ECB922092F0E70089D74B /* cef_jsdialog_handler.h */,
				6B7ECB932092F0E70089D74B /* cef_request_context.h */,
				6B7ECB942092F0E70089D74B /* cef_load_handler.h */,
				6B7ECB952092F0E70089D74B /* cef_request.h */,
				6B7ECB962092F0E70089D74B /* cef_process_message.h */,
				6B7ECB972092F0E70089D74B /* cef_browser_process_handler.h */,
				6B7ECB982092F0E70089D74B /* cef_extension.h */,
				6B7ECB992092F0E70089D74B /* cef_web_plugin.h */,
				6B7ECB9A2092F0E70089D74B /* cef_parser.h */,
				6B7ECB9B2092F0E70089D74B /* cef_extension_handler.h */,
				6B7ECB9C2092F0E70089D74B /* cef_application_mac.h */,
				6B7ECB9D2092F0E70089D74B /* cef_find_handler.h */,
				6B7ECB9E2092F0E70089D74B /* cef_v8.h */,
				6B7ECB9F2092F0E70089D74B /* cef_task.h */,
				6B7ECBA02092F0E70089D74B /* cef_process_util.h */,
				6B7ECBA12092F0E70089D74B /* cef_geolocation.h */,
				6B7ECBA22092F0E70089D74B /* cef_dom.h */,
				6B7ECBA32092F0E70089D74B /* views */,
				6B7ECBB82092F0E70089D74B /* cef_command_line.h */,
				6B7ECBB92092F0E70089D74B /* cef_client.h */,
				6B7ECBBA2092F0E70089D74B /* cef_download_item.h */,
				6B7ECBBB2092F0E70089D74B /* cef_frame.h */,
				6B7ECBBC2092F0E70089D74B /* cef_xml_reader.h */,
				6B7ECBBD2092F0E70089D74B /* cef_app.h */,
				6B7ECBBE2092F0E70089D74B /* base */,
				6B7ECBE02092F0E70089D74B /* cef_response.h */,
			);
			path = include;
			sourceTree = "<group>";
		};
		6B7ECAF12092F0E70089D74B /* test */ = {
			isa = PBXGroup;
			children = (
				6B7ECAF22092F0E70089D74B /* cef_translator_test.h */,
				6B7ECAF32092F0E70089D74B /* cef_test_helpers.h */,
			);
			path = test;
			sourceTree = "<group>";
		};
		6B7ECAF92092F0E70089D74B /* wrapper */ = {
			isa = PBXGroup;
			children = (
				6B7ECAFA2092F0E70089D74B /* cef_xml_object.h */,
				6B7ECAFB2092F0E70089D74B /* cef_stream_resource_handler.h */,
				6B7ECAFC2092F0E70089D74B /* cef_closure_task.h */,
				6B7ECAFD2092F0E70089D74B /* cef_message_router.h */,
				6B7ECAFE2092F0E70089D74B /* cef_byte_read_handler.h */,
				6B7ECAFF2092F0E70089D74B /* cef_resource_manager.h */,
				6B7ECB002092F0E70089D74B /* cef_scoped_temp_dir.h */,
				6B7ECB012092F0E70089D74B /* cef_helpers.h */,
				6B7ECB022092F0E70089D74B /* cef_zip_archive.h */,
			);
			path = wrapper;
			sourceTree = "<group>";
		};
		6B7ECB092092F0E70089D74B /* capi */ = {
			isa = PBXGroup;
			children = (
				6B7ECB0A2092F0E70089D74B /* cef_request_context_capi.h */,
				6B7ECB0B2092F0E70089D74B /* cef_response_capi.h */,
				6B7ECB0C2092F0E70089D74B /* cef_string_visitor_capi.h */,
				6B7ECB0D2092F0E70089D74B /* cef_dialog_handler_capi.h */,
				6B7ECB0E2092F0E70089D74B /* cef_xml_reader_capi.h */,
				6B7ECB0F2092F0E70089D74B /* cef_waitable_event_capi.h */,
				6B7ECB102092F0E70089D74B /* cef_client_capi.h */,
				6B7ECB112092F0E70089D74B /* cef_base_capi.h */,
				6B7ECB122092F0E70089D74B /* cef_thread_capi.h */,
				6B7ECB132092F0E70089D74B /* cef_image_capi.h */,
				6B7ECB142092F0E70089D74B /* cef_request_context_handler_capi.h */,
				6B7ECB152092F0E70089D74B /* test */,
				6B7ECB182092F0E70089D74B /* cef_urlrequest_capi.h */,
				6B7ECB192092F0E70089D74B /* cef_ssl_info_capi.h */,
				6B7ECB1A2092F0E70089D74B /* cef_app_capi.h */,
				6B7ECB1B2092F0E70089D74B /* cef_menu_model_delegate_capi.h */,
				6B7ECB1C2092F0E70089D74B /* cef_life_span_handler_capi.h */,
				6B7ECB1D2092F0E70089D74B /* cef_parser_capi.h */,
				6B7ECB1E2092F0E70089D74B /* cef_focus_handler_capi.h */,
				6B7ECB1F2092F0E70089D74B /* cef_frame_capi.h */,
				6B7ECB202092F0E70089D74B /* cef_geolocation_capi.h */,
				6B7ECB212092F0E70089D74B /* cef_drag_data_capi.h */,
				6B7ECB222092F0E70089D74B /* cef_dom_capi.h */,
				6B7ECB232092F0E70089D74B /* cef_response_filter_capi.h */,
				6B7ECB242092F0E70089D74B /* cef_find_handler_capi.h */,
				6B7ECB252092F0E70089D74B /* cef_web_plugin_capi.h */,
				6B7ECB262092F0E70089D74B /* cef_download_item_capi.h */,
				6B7ECB272092F0E70089D74B /* cef_drag_handler_capi.h */,
				6B7ECB282092F0E70089D74B /* cef_display_handler_capi.h */,
				6B7ECB292092F0E70089D74B /* cef_stream_capi.h */,
				6B7ECB2A2092F0E70089D74B /* cef_trace_capi.h */,
				6B7ECB2B2092F0E70089D74B /* cef_load_handler_capi.h */,
				6B7ECB2C2092F0E70089D74B /* cef_geolocation_handler_capi.h */,
				6B7ECB2D2092F0E70089D74B /* cef_path_util_capi.h */,
				6B7ECB2E2092F0E70089D74B /* cef_cookie_capi.h */,
				6B7ECB2F2092F0E70089D74B /* cef_accessibility_handler_capi.h */,
				6B7ECB302092F0E70089D74B /* cef_server_capi.h */,
				6B7ECB312092F0E70089D74B /* cef_ssl_status_capi.h */,
				6B7ECB322092F0E70089D74B /* cef_request_handler_capi.h */,
				6B7ECB332092F0E70089D74B /* cef_print_settings_capi.h */,
				6B7ECB342092F0E70089D74B /* cef_origin_whitelist_capi.h */,
				6B7ECB352092F0E70089D74B /* cef_crash_util_capi.h */,
				6B7ECB362092F0E70089D74B /* cef_callback_capi.h */,
				6B7ECB372092F0E70089D74B /* cef_x509_certificate_capi.h */,
				6B7ECB382092F0E70089D74B /* cef_request_capi.h */,
				6B7ECB392092F0E70089D74B /* cef_extension_handler_capi.h */,
				6B7ECB3A2092F0E70089D74B /* cef_menu_model_capi.h */,
				6B7ECB3B2092F0E70089D74B /* cef_jsdialog_handler_capi.h */,
				6B7ECB3C2092F0E70089D74B /* cef_context_menu_handler_capi.h */,
				6B7ECB3D2092F0E70089D74B /* cef_browser_capi.h */,
				6B7ECB3E2092F0E70089D74B /* cef_process_util_capi.h */,
				6B7ECB3F2092F0E70089D74B /* cef_extension_capi.h */,
				6B7ECB402092F0E70089D74B /* cef_auth_callback_capi.h */,
				6B7ECB412092F0E70089D74B /* cef_render_handler_capi.h */,
				6B7ECB422092F0E70089D74B /* cef_values_capi.h */,
				6B7ECB432092F0E70089D74B /* cef_download_handler_capi.h */,
				6B7ECB442092F0E70089D74B /* cef_zip_reader_capi.h */,
				6B7ECB452092F0E70089D74B /* cef_process_message_capi.h */,
				6B7ECB462092F0E70089D74B /* cef_resource_handler_capi.h */,
				6B7ECB472092F0E70089D74B /* cef_file_util_capi.h */,
				6B7ECB482092F0E70089D74B /* views */,
				6B7ECB5D2092F0E70089D74B /* cef_command_line_capi.h */,
				6B7ECB5E2092F0E70089D74B /* cef_navigation_entry_capi.h */,
				6B7ECB5F2092F0E70089D74B /* cef_task_capi.h */,
				6B7ECB602092F0E70089D74B /* cef_resource_bundle_handler_capi.h */,
				6B7ECB612092F0E70089D74B /* cef_browser_process_handler_capi.h */,
				6B7ECB622092F0E70089D74B /* cef_resource_bundle_capi.h */,
				6B7ECB632092F0E70089D74B /* cef_render_process_handler_capi.h */,
				6B7ECB642092F0E70089D74B /* cef_keyboard_handler_capi.h */,
				6B7ECB652092F0E70089D74B /* cef_scheme_capi.h */,
				6B7ECB662092F0E70089D74B /* cef_v8_capi.h */,
				6B7ECB672092F0E70089D74B /* cef_print_handler_capi.h */,
			);
			path = capi;
			sourceTree = "<group>";
		};
		6B7ECB152092F0E70089D74B /* test */ = {
			isa = PBXGroup;
			children = (
				6B7ECB162092F0E70089D74B /* cef_test_helpers_capi.h */,
				6B7ECB172092F0E70089D74B /* cef_translator_test_capi.h */,
			);
			path = test;
			sourceTree = "<group>";
		};
		6B7ECB482092F0E70089D74B /* views */ = {
			isa = PBXGroup;
			children = (
				6B7ECB492092F0E70089D74B /* cef_window_capi.h */,
				6B7ECB4A2092F0E70089D74B /* cef_box_layout_capi.h */,
				6B7ECB4B2092F0E70089D74B /* cef_display_capi.h */,
				6B7ECB4C2092F0E70089D74B /* cef_layout_capi.h */,
				6B7ECB4D2092F0E70089D74B /* cef_label_button_capi.h */,
				6B7ECB4E2092F0E70089D74B /* cef_panel_capi.h */,
				6B7ECB4F2092F0E70089D74B /* cef_panel_delegate_capi.h */,
				6B7ECB502092F0E70089D74B /* cef_scroll_view_capi.h */,
				6B7ECB512092F0E70089D74B /* cef_fill_layout_capi.h */,
				6B7ECB522092F0E70089D74B /* cef_window_delegate_capi.h */,
				6B7ECB532092F0E70089D74B /* cef_browser_view_capi.h */,
				6B7ECB542092F0E70089D74B /* cef_menu_button_delegate_capi.h */,
				6B7ECB552092F0E70089D74B /* cef_button_delegate_capi.h */,
				6B7ECB562092F0E70089D74B /* cef_view_delegate_capi.h */,
				6B7ECB572092F0E70089D74B /* cef_button_capi.h */,
				6B7ECB582092F0E70089D74B /* cef_menu_button_capi.h */,
				6B7ECB592092F0E70089D74B /* cef_textfield_capi.h */,
				6B7ECB5A2092F0E70089D74B /* cef_browser_view_delegate_capi.h */,
				6B7ECB5B2092F0E70089D74B /* cef_view_capi.h */,
				6B7ECB5C2092F0E70089D74B /* cef_textfield_delegate_capi.h */,
			);
			path = views;
			sourceTree = "<group>";
		};
		6B7ECB6F2092F0E70089D74B /* internal */ = {
			isa = PBXGroup;
			children = (
				6B7ECB702092F0E70089D74B /* cef_string.h */,
				6B7ECB712092F0E70089D74B /* cef_string_wrappers.h */,
				6B7ECB722092F0E70089D74B /* cef_string_multimap.h */,
				6B7ECB732092F0E70089D74B /* cef_types_mac.h */,
				6B7ECB742092F0E70089D74B /* cef_mac.h */,
				6B7ECB752092F0E70089D74B /* cef_ptr.h */,
				6B7ECB762092F0E70089D74B /* cef_string_map.h */,
				6B7ECB772092F0E70089D74B /* cef_thread_internal.h */,
				6B7ECB782092F0E70089D74B /* cef_types_wrappers.h */,
				6B7ECB792092F0E70089D74B /* cef_types.h */,
				6B7ECB7A2092F0E70089D74B /* cef_string_list.h */,
				6B7ECB7B2092F0E70089D74B /* cef_time.h */,
				6B7ECB7C2092F0E70089D74B /* cef_trace_event_internal.h */,
				6B7ECB7D2092F0E70089D74B /* cef_string_types.h */,
				6B7ECB7E2092F0E70089D74B /* cef_export.h */,
				6B7ECB7F2092F0E70089D74B /* cef_logging_internal.h */,
			);
			path = internal;
			sourceTree = "<group>";
		};
		6B7ECBA32092F0E70089D74B /* views */ = {
			isa = PBXGroup;
			children = (
				6B7ECBA42092F0E70089D74B /* cef_panel.h */,
				6B7ECBA52092F0E70089D74B /* cef_browser_view_delegate.h */,
				6B7ECBA62092F0E70089D74B /* cef_box_layout.h */,
				6B7ECBA72092F0E70089D74B /* cef_menu_button_delegate.h */,
				6B7ECBA82092F0E70089D74B /* cef_button.h */,
				6B7ECBA92092F0E70089D74B /* cef_menu_button.h */,
				6B7ECBAA2092F0E70089D74B /* cef_browser_view.h */,
				6B7ECBAB2092F0E70089D74B /* cef_window_delegate.h */,
				6B7ECBAC2092F0E70089D74B /* cef_layout.h */,
				6B7ECBAD2092F0E70089D74B /* cef_scroll_view.h */,
				6B7ECBAE2092F0E70089D74B /* cef_display.h */,
				6B7ECBAF2092F0E70089D74B /* cef_window.h */,
				6B7ECBB02092F0E70089D74B /* cef_view.h */,
				6B7ECBB12092F0E70089D74B /* cef_panel_delegate.h */,
				6B7ECBB22092F0E70089D74B /* cef_textfield.h */,
				6B7ECBB32092F0E70089D74B /* cef_fill_layout.h */,
				6B7ECBB42092F0E70089D74B /* cef_label_button.h */,
				6B7ECBB52092F0E70089D74B /* cef_view_delegate.h */,
				6B7ECBB62092F0E70089D74B /* cef_textfield_delegate.h */,
				6B7ECBB72092F0E70089D74B /* cef_button_delegate.h */,
			);
			path = views;
			sourceTree = "<group>";
		};
		6B7ECBBE2092F0E70089D74B /* base */ = {
			isa = PBXGroup;
			children = (
				6B7ECBBF2092F0E70089D74B /* cef_move.h */,
				6B7ECBC02092F0E70089D74B /* cef_tuple.h */,
				6B7ECBC12092F0E70089D74B /* cef_bind.h */,
				6B7ECBC22092F0E70089D74B /* cef_thread_checker.h */,
				6B7ECBC32092F0E70089D74B /* cef_bind_helpers.h */,
				6B7ECBC42092F0E70089D74B /* cef_ref_counted.h */,
				6B7ECBC52092F0E70089D74B /* cef_callback.h */,
				6B7ECBC62092F0E70089D74B /* cef_platform_thread.h */,
				6B7ECBC72092F0E70089D74B /* cef_macros.h */,
				6B7ECBC82092F0E70089D74B /* internal */,
				6B7ECBD02092F0E70089D74B /* cef_cancelable_callback.h */,
				6B7ECBD12092F0E70089D74B /* cef_callback_helpers.h */,
				6B7ECBD22092F0E70089D74B /* cef_basictypes.h */,
				6B7ECBD32092F0E70089D74B /* cef_callback_forward.h */,
				6B7ECBD42092F0E70089D74B /* cef_logging.h */,
				6B7ECBD52092F0E70089D74B /* cef_atomic_ref_count.h */,
				6B7ECBD62092F0E70089D74B /* cef_atomicops.h */,
				6B7ECBD72092F0E70089D74B /* cef_thread_collision_warner.h */,
				6B7ECBD82092F0E70089D74B /* cef_string16.h */,
				6B7ECBD92092F0E70089D74B /* cef_build.h */,
				6B7ECBDA2092F0E70089D74B /* cef_lock.h */,
				6B7ECBDB2092F0E70089D74B /* cef_trace_event.h */,
				6B7ECBDC2092F0E70089D74B /* cef_callback_list.h */,
				6B7ECBDD2092F0E70089D74B /* cef_scoped_ptr.h */,
				6B7ECBDE2092F0E70089D74B /* cef_weak_ptr.h */,
				6B7ECBDF2092F0E70089D74B /* cef_template_util.h */,
			);
			path = base;
			sourceTree = "<group>";
		};
		6B7ECBC82092F0E70089D74B /* internal */ = {
			isa = PBXGroup;
			children = (
				6B7ECBC92092F0E70089D74B /* cef_raw_scoped_refptr_mismatch_checker.h */,
				6B7ECBCA2092F0E70089D74B /* cef_atomicops_atomicword_compat.h */,
				6B7ECBCB2092F0E70089D74B /* cef_thread_checker_impl.h */,
				6B7ECBCC2092F0E70089D74B /* cef_lock_impl.h */,
				6B7ECBCD2092F0E70089D74B /* cef_bind_internal.h */,
				6B7ECBCE2092F0E70089D74B /* cef_atomicops_mac.h */,
				6B7ECBCF2092F0E70089D74B /* cef_callback_internal.h */,
			);
			path = internal;
			sourceTree = "<group>";
		};
		6B7ECBE12092F0E70089D74B /* lib */ = {
			isa = PBXGroup;
			children = (
				6B7ECBE22092F0E70089D74B /* osx */,
			);
			path = lib;
			sourceTree = "<group>";
		};
		6B7ECBE22092F0E70089D74B /* osx */ = {
			isa = PBXGroup;
			children = (
				6B7ECBE32092F0E70089D74B /* Chromium Embedded Framework.framework */,
				6B7ECBE42092F0E70089D74B /* cef_helper_mac.app */,
				6B7ECBE52092F0E70089D74B /* libcef_dll_wrapper.a */,
			);
			path = osx;
			sourceTree = "<group>";
		};
		C57BB6C7205B7035004C0212 /* Cinder-CEF */ = {
			isa = PBXGroup;
			children = (
				6B7ECAE02092F0E70089D74B /* libs */,
				C57BB6C8205B706F004C0212 /* src */,
			);
			name = "Cinder-CEF";
			sourceTree = "<group>";
		};
		C57BB6C8205B706F004C0212 /* src */ = {
			isa = PBXGroup;
			children = (
				C5A61C26205F5CD500DED73D /* ciCEFRenderHandler.h */,
				C5A61C23205F5C8900DED73D /* ciCEFBrowserClient.cpp */,
				C5A61C24205F5C8900DED73D /* ciCEFBrowserClient.h */,
				C57BB6DE205B7A13004C0212 /* ciCEF.cpp */,
				C57BB6DF205B7A13004C0212 /* ciCEF.h */,
			);
			name = src;
			sourceTree = "<group>";
		};
/* End PBXGroup section */

/* Begin PBXNativeTarget section */
		8D1107260486CEB800E47090 /* CEFCinderSample */ = {
			isa = PBXNativeTarget;
			buildConfigurationList = C01FCF4A08A954540054247B /* Build configuration list for PBXNativeTarget "CEFCinderSample" */;
			buildPhases = (
				8D1107290486CEB800E47090 /* Resources */,
				8D11072C0486CEB800E47090 /* Sources */,
				8D11072E0486CEB800E47090 /* Frameworks */,
				5ABAFBBCAAC34D5596517A6F /* CopyFiles */,
				905E5524203FCA8E00D91CBC /* ShellScript */,
			);
			buildRules = (
			);
			dependencies = (
			);
			name = CEFCinderSample;
			productInstallPath = "$(HOME)/Applications";
			productName = CEFCinderSample;
			productReference = 8D1107320486CEB800E47090 /* CEFCinderSample.app */;
			productType = "com.apple.product-type.application";
		};
/* End PBXNativeTarget section */

/* Begin PBXProject section */
		29B97313FDCFA39411CA2CEA /* Project object */ = {
			isa = PBXProject;
			attributes = {
				LastUpgradeCheck = 0920;
			};
			buildConfigurationList = C01FCF4E08A954540054247B /* Build configuration list for PBXProject "CEFCinderSample" */;
			compatibilityVersion = "Xcode 3.2";
			developmentRegion = English;
			hasScannedForEncodings = 1;
			knownRegions = (
				English,
				Japanese,
				French,
				German,
			);
			mainGroup = 29B97314FDCFA39411CA2CEA /* CEFCinderSample */;
			projectDirPath = "";
			projectRoot = "";
			targets = (
				8D1107260486CEB800E47090 /* CEFCinderSample */,
			);
		};
/* End PBXProject section */

/* Begin PBXResourcesBuildPhase section */
		8D1107290486CEB800E47090 /* Resources */ = {
			isa = PBXResourcesBuildPhase;
			buildActionMask = 2147483647;
			files = (
				6B7ECBE72092F0E70089D74B /* cef_helper_mac.app in Resources */,
			);
			runOnlyForDeploymentPostprocessing = 0;
		};
/* End PBXResourcesBuildPhase section */

/* Begin PBXShellScriptBuildPhase section */
		905E5524203FCA8E00D91CBC /* ShellScript */ = {
			isa = PBXShellScriptBuildPhase;
			buildActionMask = 2147483647;
			files = (
			);
			inputPaths = (
			);
			outputPaths = (
			);
			runOnlyForDeploymentPostprocessing = 0;
			shellPath = /bin/sh;
			shellScript = "install_name_tool -change \"@rpath/Frameworks/Chromium Embedded Framework.framework/Chromium Embedded Framework\" \"@executable_path/../Frameworks/Chromium Embedded Framework.framework/Chromium Embedded Framework\" \"${BUILT_PRODUCTS_DIR}/${EXECUTABLE_PATH}\"\nrsync -aved \"$CINDER_PATH/blocks/Cinder-CEF/libs/cef/lib/osx/cef_helper_mac.app\" \"$TARGET_BUILD_DIR/$PRODUCT_NAME.app/Contents/Frameworks/\"\nrm -rf \"$TARGET_BUILD_DIR/$PRODUCT_NAME.app/Contents/Frameworks/$PRODUCT_NAME Helper.app\"\nmv \"$TARGET_BUILD_DIR/$PRODUCT_NAME.app/Contents/Frameworks/cef_helper_mac.app\" \"$TARGET_BUILD_DIR/$PRODUCT_NAME.app/Contents/Frameworks/$PRODUCT_NAME Helper.app\"\nmv \"$TARGET_BUILD_DIR/$PRODUCT_NAME.app/Contents/Frameworks/$PRODUCT_NAME Helper.app/Contents/MacOS/cef_helper_mac\" \"$TARGET_BUILD_DIR/$PRODUCT_NAME.app/Contents/Frameworks/$PRODUCT_NAME Helper.app/Contents/MacOS/$PRODUCT_NAME Helper\"";
		};
/* End PBXShellScriptBuildPhase section */

/* Begin PBXSourcesBuildPhase section */
		8D11072C0486CEB800E47090 /* Sources */ = {
			isa = PBXSourcesBuildPhase;
			buildActionMask = 2147483647;
			files = (
				C5A61C25205F5C8900DED73D /* ciCEFBrowserClient.cpp in Sources */,
				C57BB6E0205B7A13004C0212 /* ciCEF.cpp in Sources */,
				0AC5561FC3364E448A60C741 /* CEFCinderSampleApp.cpp in Sources */,
			);
			runOnlyForDeploymentPostprocessing = 0;
		};
/* End PBXSourcesBuildPhase section */

/* Begin XCBuildConfiguration section */
		C01FCF4B08A954540054247B /* Debug */ = {
			isa = XCBuildConfiguration;
			buildSettings = {
				ALWAYS_SEARCH_USER_PATHS = YES;
				CINDER_PATH = ../../../../..;
				COMBINE_HIDPI_IMAGES = YES;
				COPY_PHASE_STRIP = NO;
				DEAD_CODE_STRIPPING = YES;
				FRAMEWORK_SEARCH_PATHS = "$(CINDER_PATH)/blocks/Cinder-CEF/libs/cef/lib/osx";
				GCC_DYNAMIC_NO_PIC = NO;
				GCC_INLINES_ARE_PRIVATE_EXTERN = YES;
				GCC_OPTIMIZATION_LEVEL = 0;
				GCC_PRECOMPILE_PREFIX_HEADER = YES;
				GCC_PREFIX_HEADER = CEFCinderSample_Prefix.pch;
				GCC_PREPROCESSOR_DEFINITIONS = (
					"DEBUG=1",
					"$(inherited)",
				);
				GCC_SYMBOLS_PRIVATE_EXTERN = NO;
				HEADER_SEARCH_PATHS = (
					"\"$(CINDER_PATH)/include\"",
					"\"$(CINDER_PATH)/blocks/Cinder-CEF/libs/cef/include\"",
					"\"$(CINDER_PATH)/blocks/Cinder-CEF/libs/cef\"",
					"\"$(CINDER_PATH)/blocks/Cinder-CEF/src\"",
				);
				INFOPLIST_FILE = Info.plist;
				INSTALL_PATH = "$(HOME)/Applications";
				LD_RUNPATH_SEARCH_PATHS = "$(inherited) @executable_path/../Frameworks";
				OTHER_LDFLAGS = (
					"\"$(CINDER_PATH)/lib/macosx/$(CONFIGURATION)/libcinder.a\"",
					"\"$(CINDER_PATH)/blocks/Cinder-CEF/libs/cef/lib/osx/libcef_dll_wrapper.a\"",
				);
				PRODUCT_BUNDLE_IDENTIFIER = "org.libcinder.${PRODUCT_NAME:rfc1034identifier}";
				PRODUCT_NAME = CEFCinderSample;
				SYMROOT = ./build;
				USER_HEADER_SEARCH_PATHS = "\"$(CINDER_PATH)/include\" ../include";
				WRAPPER_EXTENSION = app;
			};
			name = Debug;
		};
		C01FCF4C08A954540054247B /* Release */ = {
			isa = XCBuildConfiguration;
			buildSettings = {
				ALWAYS_SEARCH_USER_PATHS = YES;
				CINDER_PATH = ../../../../..;
				COMBINE_HIDPI_IMAGES = YES;
				DEAD_CODE_STRIPPING = YES;
				DEBUG_INFORMATION_FORMAT = "dwarf-with-dsym";
				FRAMEWORK_SEARCH_PATHS = "$(CINDER_PATH)/blocks/Cinder-CEF/libs/cef/lib/osx";
				GCC_FAST_MATH = YES;
				GCC_GENERATE_DEBUGGING_SYMBOLS = NO;
				GCC_INLINES_ARE_PRIVATE_EXTERN = YES;
				GCC_OPTIMIZATION_LEVEL = 3;
				GCC_PRECOMPILE_PREFIX_HEADER = YES;
				GCC_PREFIX_HEADER = CEFCinderSample_Prefix.pch;
				GCC_PREPROCESSOR_DEFINITIONS = (
					"NDEBUG=1",
					"$(inherited)",
				);
				GCC_SYMBOLS_PRIVATE_EXTERN = NO;
				HEADER_SEARCH_PATHS = (
					"\"$(CINDER_PATH)/include\"",
					"\"$(CINDER_PATH)/blocks/Cinder-CEF/libs/cef/include\"",
					"\"$(CINDER_PATH)/blocks/Cinder-CEF/libs/cef\"",
					"\"$(CINDER_PATH)/blocks/Cinder-CEF/src\"",
				);
				INFOPLIST_FILE = Info.plist;
				INSTALL_PATH = "$(HOME)/Applications";
				LD_RUNPATH_SEARCH_PATHS = "$(inherited) @executable_path/../Frameworks";
				OTHER_LDFLAGS = (
					"\"$(CINDER_PATH)/lib/macosx/$(CONFIGURATION)/libcinder.a\"",
					"\"$(CINDER_PATH)/blocks/Cinder-CEF/libs/cef/lib/osx/libcef_dll_wrapper.a\"",
				);
				PRODUCT_BUNDLE_IDENTIFIER = "org.libcinder.${PRODUCT_NAME:rfc1034identifier}";
				PRODUCT_NAME = CEFCinderSample;
				STRIP_INSTALLED_PRODUCT = YES;
				SYMROOT = ./build;
				USER_HEADER_SEARCH_PATHS = "\"$(CINDER_PATH)/include\" ../include";
				WRAPPER_EXTENSION = app;
			};
			name = Release;
		};
		C01FCF4F08A954540054247B /* Debug */ = {
			isa = XCBuildConfiguration;
			buildSettings = {
				ALWAYS_SEARCH_USER_PATHS = NO;
				CINDER_PATH = ../../../../..;
				CLANG_ANALYZER_LOCALIZABILITY_NONLOCALIZED = YES;
				CLANG_CXX_LANGUAGE_STANDARD = "c++11";
				CLANG_CXX_LIBRARY = "libc++";
				CLANG_WARN_BLOCK_CAPTURE_AUTORELEASING = YES;
				CLANG_WARN_BOOL_CONVERSION = YES;
				CLANG_WARN_COMMA = YES;
				CLANG_WARN_CONSTANT_CONVERSION = YES;
				CLANG_WARN_EMPTY_BODY = YES;
				CLANG_WARN_ENUM_CONVERSION = YES;
				CLANG_WARN_INFINITE_RECURSION = YES;
				CLANG_WARN_INT_CONVERSION = YES;
				CLANG_WARN_NON_LITERAL_NULL_CONVERSION = YES;
				CLANG_WARN_OBJC_LITERAL_CONVERSION = YES;
				CLANG_WARN_RANGE_LOOP_ANALYSIS = YES;
				CLANG_WARN_STRICT_PROTOTYPES = YES;
				CLANG_WARN_SUSPICIOUS_MOVE = YES;
				CLANG_WARN_UNREACHABLE_CODE = YES;
				CLANG_WARN__DUPLICATE_METHOD_MATCH = YES;
				ENABLE_STRICT_OBJC_MSGSEND = YES;
				ENABLE_TESTABILITY = YES;
				GCC_NO_COMMON_BLOCKS = YES;
				GCC_WARN_64_TO_32_BIT_CONVERSION = YES;
				GCC_WARN_ABOUT_RETURN_TYPE = YES;
				GCC_WARN_UNDECLARED_SELECTOR = YES;
				GCC_WARN_UNINITIALIZED_AUTOS = YES;
				GCC_WARN_UNUSED_FUNCTION = YES;
				GCC_WARN_UNUSED_VARIABLE = YES;
				HEADER_SEARCH_PATHS = "\"$(CINDER_PATH)/include\"";
				MACOSX_DEPLOYMENT_TARGET = 10.12;
				ONLY_ACTIVE_ARCH = YES;
				SDKROOT = macosx;
				USER_HEADER_SEARCH_PATHS = "\"$(CINDER_PATH)/include\" ../include";
			};
			name = Debug;
		};
		C01FCF5008A954540054247B /* Release */ = {
			isa = XCBuildConfiguration;
			buildSettings = {
				ALWAYS_SEARCH_USER_PATHS = NO;
				CINDER_PATH = ../../../../..;
				CLANG_ANALYZER_LOCALIZABILITY_NONLOCALIZED = YES;
				CLANG_CXX_LANGUAGE_STANDARD = "c++11";
				CLANG_CXX_LIBRARY = "libc++";
				CLANG_WARN_BLOCK_CAPTURE_AUTORELEASING = YES;
				CLANG_WARN_BOOL_CONVERSION = YES;
				CLANG_WARN_COMMA = YES;
				CLANG_WARN_CONSTANT_CONVERSION = YES;
				CLANG_WARN_EMPTY_BODY = YES;
				CLANG_WARN_ENUM_CONVERSION = YES;
				CLANG_WARN_INFINITE_RECURSION = YES;
				CLANG_WARN_INT_CONVERSION = YES;
				CLANG_WARN_NON_LITERAL_NULL_CONVERSION = YES;
				CLANG_WARN_OBJC_LITERAL_CONVERSION = YES;
				CLANG_WARN_RANGE_LOOP_ANALYSIS = YES;
				CLANG_WARN_STRICT_PROTOTYPES = YES;
				CLANG_WARN_SUSPICIOUS_MOVE = YES;
				CLANG_WARN_UNREACHABLE_CODE = YES;
				CLANG_WARN__DUPLICATE_METHOD_MATCH = YES;
				ENABLE_STRICT_OBJC_MSGSEND = YES;
				GCC_NO_COMMON_BLOCKS = YES;
				GCC_WARN_64_TO_32_BIT_CONVERSION = YES;
				GCC_WARN_ABOUT_RETURN_TYPE = YES;
				GCC_WARN_UNDECLARED_SELECTOR = YES;
				GCC_WARN_UNINITIALIZED_AUTOS = YES;
				GCC_WARN_UNUSED_FUNCTION = YES;
				GCC_WARN_UNUSED_VARIABLE = YES;
				HEADER_SEARCH_PATHS = "\"$(CINDER_PATH)/include\"";
				MACOSX_DEPLOYMENT_TARGET = 10.12;
				SDKROOT = macosx;
				USER_HEADER_SEARCH_PATHS = "\"$(CINDER_PATH)/include\" ../include";
			};
			name = Release;
		};
/* End XCBuildConfiguration section */

/* Begin XCConfigurationList section */
		C01FCF4A08A954540054247B /* Build configuration list for PBXNativeTarget "CEFCinderSample" */ = {
			isa = XCConfigurationList;
			buildConfigurations = (
				C01FCF4B08A954540054247B /* Debug */,
				C01FCF4C08A954540054247B /* Release */,
			);
			defaultConfigurationIsVisible = 0;
			defaultConfigurationName = Release;
		};
		C01FCF4E08A954540054247B /* Build configuration list for PBXProject "CEFCinderSample" */ = {
			isa = XCConfigurationList;
			buildConfigurations = (
				C01FCF4F08A954540054247B /* Debug */,
				C01FCF5008A954540054247B /* Release */,
			);
			defaultConfigurationIsVisible = 0;
			defaultConfigurationName = Release;
		};
/* End XCConfigurationList section */
	};
	rootObject = 29B97313FDCFA39411CA2CEA /* Project object */;
}
