<Project ToolsVersion="4.0" xmlns="http://schemas.microsoft.com/developer/msbuild/2003">
  <ItemGroup>
    <Filter Include="Source Files">
      <UniqueIdentifier>{4FC737F1-C7A5-4376-A066-2A32D752A2FF}</UniqueIdentifier>
      <Extensions>cpp;c;cc;cxx;def;odl;idl;hpj;bat;asm;asmx</Extensions>
    </Filter>
    <Filter Include="Header Files">
      <UniqueIdentifier>{93995380-89BD-4b04-88EB-625FBE52EBFB}</UniqueIdentifier>
      <Extensions>h;hpp;hxx;hm;inl;inc;xsd</Extensions>
    </Filter>
    <Filter Include="Resource Files">
      <UniqueIdentifier>{67DA6AB6-F800-4c08-8B7A-83BB121AAD01}</UniqueIdentifier>
      <Extensions>rc;ico;cur;bmp;dlg;rc2;rct;bin;rgs;gif;jpg;jpeg;jpe;resx;tiff;tif;png;wav</Extensions>
    </Filter>
    <Filter Include="Blocks">
      <UniqueIdentifier>{6C7F9B01-4E95-4B28-AF94-CEFA785A0A34}</UniqueIdentifier>
    </Filter>
    <Filter Include="Blocks\CoC-CEF">
      <UniqueIdentifier>{5A35F050-2922-4317-8A45-C3D992162239}</UniqueIdentifier>
    </Filter>
    <Filter Include="Blocks\CoC-CEF\lib">
      <UniqueIdentifier>{35940F1C-211E-44F3-80B6-94013F1D71B7}</UniqueIdentifier>
    </Filter>
    <Filter Include="Blocks\CoC-CEF\lib\cef">
      <UniqueIdentifier>{79599F83-4E4C-4AE1-8E7F-401A8A4E7966}</UniqueIdentifier>
    </Filter>
    <Filter Include="Blocks\CoC-CEF\lib\cef\include">
      <UniqueIdentifier>{DEA1811A-5265-448F-B6E7-F368DF557D12}</UniqueIdentifier>
    </Filter>
    <Filter Include="Blocks\CoC-CEF\lib\cef\include\base">
      <UniqueIdentifier>{53625366-1943-4550-81E6-2C1D18EF46F9}</UniqueIdentifier>
    </Filter>
    <Filter Include="Blocks\CoC-CEF\lib\cef\include\capi">
      <UniqueIdentifier>{5D0A3679-DE3B-4FCD-B6E0-7B2C99F47589}</UniqueIdentifier>
    </Filter>
    <Filter Include="Blocks\CoC-CEF\lib\cef\include\capi\test">
      <UniqueIdentifier>{A2E4D2AA-9EE3-4796-BE8C-AA225B8886F9}</UniqueIdentifier>
    </Filter>
    <Filter Include="Blocks\CoC-CEF\lib\cef\include\capi\views">
      <UniqueIdentifier>{9FF5999C-64AE-441E-92C0-805695605DEC}</UniqueIdentifier>
    </Filter>
    <Filter Include="Blocks\CoC-CEF\lib\cef\include\internal">
      <UniqueIdentifier>{E7BAD6E4-C1C4-45C3-B2D8-3CD51306646E}</UniqueIdentifier>
    </Filter>
    <Filter Include="Blocks\CoC-CEF\lib\cef\include\test">
      <UniqueIdentifier>{06C48212-797B-4562-8E7C-F776FC8C5176}</UniqueIdentifier>
    </Filter>
    <Filter Include="Blocks\CoC-CEF\lib\cef\include\wrapper">
      <UniqueIdentifier>{A5B4BC89-C691-4A00-BF47-BC35043BFF08}</UniqueIdentifier>
    </Filter>
  </ItemGroup>
  <ItemGroup>
    <ClCompile Include="..\src\CEFCinderSampleApp.cpp">
      <Filter>Source Files</Filter>
    </ClCompile>
    <ClCompile Include="..\src\CEFCinderSampleApp.cpp">
      <Filter>Source Files</Filter>
    </ClCompile>
    <ClInclude Include="..\include\Resources.h">
      <Filter>Header Files</Filter>
    </ClInclude>
    <ClInclude Include="..\blocks\CoC-CEF\lib\cef\include\cef_app.h">
      <Filter>Blocks\CoC-CEF\lib\cef\include</Filter>
    </ClInclude>
    <ClInclude Include="..\blocks\CoC-CEF\lib\cef\include\cef_application_mac.h">
      <Filter>Blocks\CoC-CEF\lib\cef\include</Filter>
    </ClInclude>
    <ClInclude Include="..\blocks\CoC-CEF\lib\cef\include\cef_auth_callback.h">
      <Filter>Blocks\CoC-CEF\lib\cef\include</Filter>
    </ClInclude>
    <ClInclude Include="..\blocks\CoC-CEF\lib\cef\include\cef_base.h">
      <Filter>Blocks\CoC-CEF\lib\cef\include</Filter>
    </ClInclude>
    <ClInclude Include="..\blocks\CoC-CEF\lib\cef\include\cef_browser.h">
      <Filter>Blocks\CoC-CEF\lib\cef\include</Filter>
    </ClInclude>
    <ClInclude Include="..\blocks\CoC-CEF\lib\cef\include\cef_browser_process_handler.h">
      <Filter>Blocks\CoC-CEF\lib\cef\include</Filter>
    </ClInclude>
    <ClInclude Include="..\blocks\CoC-CEF\lib\cef\include\cef_callback.h">
      <Filter>Blocks\CoC-CEF\lib\cef\include</Filter>
    </ClInclude>
    <ClInclude Include="..\blocks\CoC-CEF\lib\cef\include\cef_client.h">
      <Filter>Blocks\CoC-CEF\lib\cef\include</Filter>
    </ClInclude>
    <ClInclude Include="..\blocks\CoC-CEF\lib\cef\include\cef_command_line.h">
      <Filter>Blocks\CoC-CEF\lib\cef\include</Filter>
    </ClInclude>
    <ClInclude Include="..\blocks\CoC-CEF\lib\cef\include\cef_context_menu_handler.h">
      <Filter>Blocks\CoC-CEF\lib\cef\include</Filter>
    </ClInclude>
    <ClInclude Include="..\blocks\CoC-CEF\lib\cef\include\cef_cookie.h">
      <Filter>Blocks\CoC-CEF\lib\cef\include</Filter>
    </ClInclude>
    <ClInclude Include="..\blocks\CoC-CEF\lib\cef\include\cef_crash_util.h">
      <Filter>Blocks\CoC-CEF\lib\cef\include</Filter>
    </ClInclude>
    <ClInclude Include="..\blocks\CoC-CEF\lib\cef\include\cef_dialog_handler.h">
      <Filter>Blocks\CoC-CEF\lib\cef\include</Filter>
    </ClInclude>
    <ClInclude Include="..\blocks\CoC-CEF\lib\cef\include\cef_display_handler.h">
      <Filter>Blocks\CoC-CEF\lib\cef\include</Filter>
    </ClInclude>
    <ClInclude Include="..\blocks\CoC-CEF\lib\cef\include\cef_dom.h">
      <Filter>Blocks\CoC-CEF\lib\cef\include</Filter>
    </ClInclude>
    <ClInclude Include="..\blocks\CoC-CEF\lib\cef\include\cef_download_handler.h">
      <Filter>Blocks\CoC-CEF\lib\cef\include</Filter>
    </ClInclude>
    <ClInclude Include="..\blocks\CoC-CEF\lib\cef\include\cef_download_item.h">
      <Filter>Blocks\CoC-CEF\lib\cef\include</Filter>
    </ClInclude>
    <ClInclude Include="..\blocks\CoC-CEF\lib\cef\include\cef_drag_data.h">
      <Filter>Blocks\CoC-CEF\lib\cef\include</Filter>
    </ClInclude>
    <ClInclude Include="..\blocks\CoC-CEF\lib\cef\include\cef_drag_handler.h">
      <Filter>Blocks\CoC-CEF\lib\cef\include</Filter>
    </ClInclude>
    <ClInclude Include="..\blocks\CoC-CEF\lib\cef\include\cef_file_util.h">
      <Filter>Blocks\CoC-CEF\lib\cef\include</Filter>
    </ClInclude>
    <ClInclude Include="..\blocks\CoC-CEF\lib\cef\include\cef_find_handler.h">
      <Filter>Blocks\CoC-CEF\lib\cef\include</Filter>
    </ClInclude>
    <ClInclude Include="..\blocks\CoC-CEF\lib\cef\include\cef_focus_handler.h">
      <Filter>Blocks\CoC-CEF\lib\cef\include</Filter>
    </ClInclude>
    <ClInclude Include="..\blocks\CoC-CEF\lib\cef\include\cef_frame.h">
      <Filter>Blocks\CoC-CEF\lib\cef\include</Filter>
    </ClInclude>
    <ClInclude Include="..\blocks\CoC-CEF\lib\cef\include\cef_geolocation.h">
      <Filter>Blocks\CoC-CEF\lib\cef\include</Filter>
    </ClInclude>
    <ClInclude Include="..\blocks\CoC-CEF\lib\cef\include\cef_geolocation_handler.h">
      <Filter>Blocks\CoC-CEF\lib\cef\include</Filter>
    </ClInclude>
    <ClInclude Include="..\blocks\CoC-CEF\lib\cef\include\cef_image.h">
      <Filter>Blocks\CoC-CEF\lib\cef\include</Filter>
    </ClInclude>
    <ClInclude Include="..\blocks\CoC-CEF\lib\cef\include\cef_jsdialog_handler.h">
      <Filter>Blocks\CoC-CEF\lib\cef\include</Filter>
    </ClInclude>
    <ClInclude Include="..\blocks\CoC-CEF\lib\cef\include\cef_keyboard_handler.h">
      <Filter>Blocks\CoC-CEF\lib\cef\include</Filter>
    </ClInclude>
    <ClInclude Include="..\blocks\CoC-CEF\lib\cef\include\cef_life_span_handler.h">
      <Filter>Blocks\CoC-CEF\lib\cef\include</Filter>
    </ClInclude>
    <ClInclude Include="..\blocks\CoC-CEF\lib\cef\include\cef_load_handler.h">
      <Filter>Blocks\CoC-CEF\lib\cef\include</Filter>
    </ClInclude>
    <ClInclude Include="..\blocks\CoC-CEF\lib\cef\include\cef_menu_model.h">
      <Filter>Blocks\CoC-CEF\lib\cef\include</Filter>
    </ClInclude>
    <ClInclude Include="..\blocks\CoC-CEF\lib\cef\include\cef_menu_model_delegate.h">
      <Filter>Blocks\CoC-CEF\lib\cef\include</Filter>
    </ClInclude>
    <ClInclude Include="..\blocks\CoC-CEF\lib\cef\include\cef_navigation_entry.h">
      <Filter>Blocks\CoC-CEF\lib\cef\include</Filter>
    </ClInclude>
    <ClInclude Include="..\blocks\CoC-CEF\lib\cef\include\cef_origin_whitelist.h">
      <Filter>Blocks\CoC-CEF\lib\cef\include</Filter>
    </ClInclude>
    <ClInclude Include="..\blocks\CoC-CEF\lib\cef\include\cef_pack_resources.h">
      <Filter>Blocks\CoC-CEF\lib\cef\include</Filter>
    </ClInclude>
    <ClInclude Include="..\blocks\CoC-CEF\lib\cef\include\cef_pack_strings.h">
      <Filter>Blocks\CoC-CEF\lib\cef\include</Filter>
    </ClInclude>
    <ClInclude Include="..\blocks\CoC-CEF\lib\cef\include\cef_parser.h">
      <Filter>Blocks\CoC-CEF\lib\cef\include</Filter>
    </ClInclude>
    <ClInclude Include="..\blocks\CoC-CEF\lib\cef\include\cef_path_util.h">
      <Filter>Blocks\CoC-CEF\lib\cef\include</Filter>
    </ClInclude>
    <ClInclude Include="..\blocks\CoC-CEF\lib\cef\include\cef_print_handler.h">
      <Filter>Blocks\CoC-CEF\lib\cef\include</Filter>
    </ClInclude>
    <ClInclude Include="..\blocks\CoC-CEF\lib\cef\include\cef_print_settings.h">
      <Filter>Blocks\CoC-CEF\lib\cef\include</Filter>
    </ClInclude>
    <ClInclude Include="..\blocks\CoC-CEF\lib\cef\include\cef_process_message.h">
      <Filter>Blocks\CoC-CEF\lib\cef\include</Filter>
    </ClInclude>
    <ClInclude Include="..\blocks\CoC-CEF\lib\cef\include\cef_process_util.h">
      <Filter>Blocks\CoC-CEF\lib\cef\include</Filter>
    </ClInclude>
    <ClInclude Include="..\blocks\CoC-CEF\lib\cef\include\cef_render_handler.h">
      <Filter>Blocks\CoC-CEF\lib\cef\include</Filter>
    </ClInclude>
    <ClInclude Include="..\blocks\CoC-CEF\lib\cef\include\cef_render_process_handler.h">
      <Filter>Blocks\CoC-CEF\lib\cef\include</Filter>
    </ClInclude>
    <ClInclude Include="..\blocks\CoC-CEF\lib\cef\include\cef_request.h">
      <Filter>Blocks\CoC-CEF\lib\cef\include</Filter>
    </ClInclude>
    <ClInclude Include="..\blocks\CoC-CEF\lib\cef\include\cef_request_context.h">
      <Filter>Blocks\CoC-CEF\lib\cef\include</Filter>
    </ClInclude>
    <ClInclude Include="..\blocks\CoC-CEF\lib\cef\include\cef_request_context_handler.h">
      <Filter>Blocks\CoC-CEF\lib\cef\include</Filter>
    </ClInclude>
    <ClInclude Include="..\blocks\CoC-CEF\lib\cef\include\cef_request_handler.h">
      <Filter>Blocks\CoC-CEF\lib\cef\include</Filter>
    </ClInclude>
    <ClInclude Include="..\blocks\CoC-CEF\lib\cef\include\cef_resource_bundle.h">
      <Filter>Blocks\CoC-CEF\lib\cef\include</Filter>
    </ClInclude>
    <ClInclude Include="..\blocks\CoC-CEF\lib\cef\include\cef_resource_bundle_handler.h">
      <Filter>Blocks\CoC-CEF\lib\cef\include</Filter>
    </ClInclude>
    <ClInclude Include="..\blocks\CoC-CEF\lib\cef\include\cef_resource_handler.h">
      <Filter>Blocks\CoC-CEF\lib\cef\include</Filter>
    </ClInclude>
    <ClInclude Include="..\blocks\CoC-CEF\lib\cef\include\cef_response.h">
      <Filter>Blocks\CoC-CEF\lib\cef\include</Filter>
    </ClInclude>
    <ClInclude Include="..\blocks\CoC-CEF\lib\cef\include\cef_response_filter.h">
      <Filter>Blocks\CoC-CEF\lib\cef\include</Filter>
    </ClInclude>
    <ClInclude Include="..\blocks\CoC-CEF\lib\cef\include\cef_scheme.h">
      <Filter>Blocks\CoC-CEF\lib\cef\include</Filter>
    </ClInclude>
    <ClInclude Include="..\blocks\CoC-CEF\lib\cef\include\cef_ssl_info.h">
      <Filter>Blocks\CoC-CEF\lib\cef\include</Filter>
    </ClInclude>
    <ClInclude Include="..\blocks\CoC-CEF\lib\cef\include\cef_ssl_status.h">
      <Filter>Blocks\CoC-CEF\lib\cef\include</Filter>
    </ClInclude>
    <ClInclude Include="..\blocks\CoC-CEF\lib\cef\include\cef_stream.h">
      <Filter>Blocks\CoC-CEF\lib\cef\include</Filter>
    </ClInclude>
    <ClInclude Include="..\blocks\CoC-CEF\lib\cef\include\cef_string_visitor.h">
      <Filter>Blocks\CoC-CEF\lib\cef\include</Filter>
    </ClInclude>
    <ClInclude Include="..\blocks\CoC-CEF\lib\cef\include\cef_task.h">
      <Filter>Blocks\CoC-CEF\lib\cef\include</Filter>
    </ClInclude>
    <ClInclude Include="..\blocks\CoC-CEF\lib\cef\include\cef_thread.h">
      <Filter>Blocks\CoC-CEF\lib\cef\include</Filter>
    </ClInclude>
    <ClInclude Include="..\blocks\CoC-CEF\lib\cef\include\cef_trace.h">
      <Filter>Blocks\CoC-CEF\lib\cef\include</Filter>
    </ClInclude>
    <ClInclude Include="..\blocks\CoC-CEF\lib\cef\include\cef_urlrequest.h">
      <Filter>Blocks\CoC-CEF\lib\cef\include</Filter>
    </ClInclude>
    <ClInclude Include="..\blocks\CoC-CEF\lib\cef\include\cef_v8.h">
      <Filter>Blocks\CoC-CEF\lib\cef\include</Filter>
    </ClInclude>
    <ClInclude Include="..\blocks\CoC-CEF\lib\cef\include\cef_values.h">
      <Filter>Blocks\CoC-CEF\lib\cef\include</Filter>
    </ClInclude>
    <ClInclude Include="..\blocks\CoC-CEF\lib\cef\include\cef_version.h">
      <Filter>Blocks\CoC-CEF\lib\cef\include</Filter>
    </ClInclude>
    <ClInclude Include="..\blocks\CoC-CEF\lib\cef\include\cef_waitable_event.h">
      <Filter>Blocks\CoC-CEF\lib\cef\include</Filter>
    </ClInclude>
    <ClInclude Include="..\blocks\CoC-CEF\lib\cef\include\cef_web_plugin.h">
      <Filter>Blocks\CoC-CEF\lib\cef\include</Filter>
    </ClInclude>
    <ClInclude Include="..\blocks\CoC-CEF\lib\cef\include\cef_x509_certificate.h">
      <Filter>Blocks\CoC-CEF\lib\cef\include</Filter>
    </ClInclude>
    <ClInclude Include="..\blocks\CoC-CEF\lib\cef\include\cef_xml_reader.h">
      <Filter>Blocks\CoC-CEF\lib\cef\include</Filter>
    </ClInclude>
    <ClInclude Include="..\blocks\CoC-CEF\lib\cef\include\cef_zip_reader.h">
      <Filter>Blocks\CoC-CEF\lib\cef\include</Filter>
    </ClInclude>
    <ClInclude Include="..\blocks\CoC-CEF\lib\cef\include\base\cef_atomic_ref_count.h">
      <Filter>Blocks\CoC-CEF\lib\cef\include\base</Filter>
    </ClInclude>
    <ClInclude Include="..\blocks\CoC-CEF\lib\cef\include\base\cef_atomicops.h">
      <Filter>Blocks\CoC-CEF\lib\cef\include\base</Filter>
    </ClInclude>
    <ClInclude Include="..\blocks\CoC-CEF\lib\cef\include\base\cef_basictypes.h">
      <Filter>Blocks\CoC-CEF\lib\cef\include\base</Filter>
    </ClInclude>
    <ClInclude Include="..\blocks\CoC-CEF\lib\cef\include\base\cef_bind.h">
      <Filter>Blocks\CoC-CEF\lib\cef\include\base</Filter>
    </ClInclude>
    <ClInclude Include="..\blocks\CoC-CEF\lib\cef\include\base\cef_bind_helpers.h">
      <Filter>Blocks\CoC-CEF\lib\cef\include\base</Filter>
    </ClInclude>
    <ClInclude Include="..\blocks\CoC-CEF\lib\cef\include\base\cef_build.h">
      <Filter>Blocks\CoC-CEF\lib\cef\include\base</Filter>
    </ClInclude>
    <ClInclude Include="..\blocks\CoC-CEF\lib\cef\include\base\cef_callback.h">
      <Filter>Blocks\CoC-CEF\lib\cef\include\base</Filter>
    </ClInclude>
    <ClInclude Include="..\blocks\CoC-CEF\lib\cef\include\base\cef_callback_forward.h">
      <Filter>Blocks\CoC-CEF\lib\cef\include\base</Filter>
    </ClInclude>
    <ClInclude Include="..\blocks\CoC-CEF\lib\cef\include\base\cef_callback_helpers.h">
      <Filter>Blocks\CoC-CEF\lib\cef\include\base</Filter>
    </ClInclude>
    <ClInclude Include="..\blocks\CoC-CEF\lib\cef\include\base\cef_callback_list.h">
      <Filter>Blocks\CoC-CEF\lib\cef\include\base</Filter>
    </ClInclude>
    <ClInclude Include="..\blocks\CoC-CEF\lib\cef\include\base\cef_cancelable_callback.h">
      <Filter>Blocks\CoC-CEF\lib\cef\include\base</Filter>
    </ClInclude>
    <ClInclude Include="..\blocks\CoC-CEF\lib\cef\include\base\cef_lock.h">
      <Filter>Blocks\CoC-CEF\lib\cef\include\base</Filter>
    </ClInclude>
    <ClInclude Include="..\blocks\CoC-CEF\lib\cef\include\base\cef_logging.h">
      <Filter>Blocks\CoC-CEF\lib\cef\include\base</Filter>
    </ClInclude>
    <ClInclude Include="..\blocks\CoC-CEF\lib\cef\include\base\cef_macros.h">
      <Filter>Blocks\CoC-CEF\lib\cef\include\base</Filter>
    </ClInclude>
    <ClInclude Include="..\blocks\CoC-CEF\lib\cef\include\base\cef_move.h">
      <Filter>Blocks\CoC-CEF\lib\cef\include\base</Filter>
    </ClInclude>
    <ClInclude Include="..\blocks\CoC-CEF\lib\cef\include\base\cef_platform_thread.h">
      <Filter>Blocks\CoC-CEF\lib\cef\include\base</Filter>
    </ClInclude>
    <ClInclude Include="..\blocks\CoC-CEF\lib\cef\include\base\cef_ref_counted.h">
      <Filter>Blocks\CoC-CEF\lib\cef\include\base</Filter>
    </ClInclude>
    <ClInclude Include="..\blocks\CoC-CEF\lib\cef\include\base\cef_scoped_ptr.h">
      <Filter>Blocks\CoC-CEF\lib\cef\include\base</Filter>
    </ClInclude>
    <ClInclude Include="..\blocks\CoC-CEF\lib\cef\include\base\cef_string16.h">
      <Filter>Blocks\CoC-CEF\lib\cef\include\base</Filter>
    </ClInclude>
    <ClInclude Include="..\blocks\CoC-CEF\lib\cef\include\base\cef_template_util.h">
      <Filter>Blocks\CoC-CEF\lib\cef\include\base</Filter>
    </ClInclude>
    <ClInclude Include="..\blocks\CoC-CEF\lib\cef\include\base\cef_thread_checker.h">
      <Filter>Blocks\CoC-CEF\lib\cef\include\base</Filter>
    </ClInclude>
    <ClInclude Include="..\blocks\CoC-CEF\lib\cef\include\base\cef_thread_collision_warner.h">
      <Filter>Blocks\CoC-CEF\lib\cef\include\base</Filter>
    </ClInclude>
    <ClInclude Include="..\blocks\CoC-CEF\lib\cef\include\base\cef_trace_event.h">
      <Filter>Blocks\CoC-CEF\lib\cef\include\base</Filter>
    </ClInclude>
    <ClInclude Include="..\blocks\CoC-CEF\lib\cef\include\base\cef_tuple.h">
      <Filter>Blocks\CoC-CEF\lib\cef\include\base</Filter>
    </ClInclude>
    <ClInclude Include="..\blocks\CoC-CEF\lib\cef\include\base\cef_weak_ptr.h">
      <Filter>Blocks\CoC-CEF\lib\cef\include\base</Filter>
    </ClInclude>
    <ClInclude Include="..\blocks\CoC-CEF\lib\cef\include\capi\cef_app_capi.h">
      <Filter>Blocks\CoC-CEF\lib\cef\include\capi</Filter>
    </ClInclude>
    <ClInclude Include="..\blocks\CoC-CEF\lib\cef\include\capi\cef_auth_callback_capi.h">
      <Filter>Blocks\CoC-CEF\lib\cef\include\capi</Filter>
    </ClInclude>
    <ClInclude Include="..\blocks\CoC-CEF\lib\cef\include\capi\cef_base_capi.h">
      <Filter>Blocks\CoC-CEF\lib\cef\include\capi</Filter>
    </ClInclude>
    <ClInclude Include="..\blocks\CoC-CEF\lib\cef\include\capi\cef_browser_capi.h">
      <Filter>Blocks\CoC-CEF\lib\cef\include\capi</Filter>
    </ClInclude>
    <ClInclude Include="..\blocks\CoC-CEF\lib\cef\include\capi\cef_browser_process_handler_capi.h">
      <Filter>Blocks\CoC-CEF\lib\cef\include\capi</Filter>
    </ClInclude>
    <ClInclude Include="..\blocks\CoC-CEF\lib\cef\include\capi\cef_callback_capi.h">
      <Filter>Blocks\CoC-CEF\lib\cef\include\capi</Filter>
    </ClInclude>
    <ClInclude Include="..\blocks\CoC-CEF\lib\cef\include\capi\cef_client_capi.h">
      <Filter>Blocks\CoC-CEF\lib\cef\include\capi</Filter>
    </ClInclude>
    <ClInclude Include="..\blocks\CoC-CEF\lib\cef\include\capi\cef_command_line_capi.h">
      <Filter>Blocks\CoC-CEF\lib\cef\include\capi</Filter>
    </ClInclude>
    <ClInclude Include="..\blocks\CoC-CEF\lib\cef\include\capi\cef_context_menu_handler_capi.h">
      <Filter>Blocks\CoC-CEF\lib\cef\include\capi</Filter>
    </ClInclude>
    <ClInclude Include="..\blocks\CoC-CEF\lib\cef\include\capi\cef_cookie_capi.h">
      <Filter>Blocks\CoC-CEF\lib\cef\include\capi</Filter>
    </ClInclude>
    <ClInclude Include="..\blocks\CoC-CEF\lib\cef\include\capi\cef_crash_util_capi.h">
      <Filter>Blocks\CoC-CEF\lib\cef\include\capi</Filter>
    </ClInclude>
    <ClInclude Include="..\blocks\CoC-CEF\lib\cef\include\capi\cef_dialog_handler_capi.h">
      <Filter>Blocks\CoC-CEF\lib\cef\include\capi</Filter>
    </ClInclude>
    <ClInclude Include="..\blocks\CoC-CEF\lib\cef\include\capi\cef_display_handler_capi.h">
      <Filter>Blocks\CoC-CEF\lib\cef\include\capi</Filter>
    </ClInclude>
    <ClInclude Include="..\blocks\CoC-CEF\lib\cef\include\capi\cef_dom_capi.h">
      <Filter>Blocks\CoC-CEF\lib\cef\include\capi</Filter>
    </ClInclude>
    <ClInclude Include="..\blocks\CoC-CEF\lib\cef\include\capi\cef_download_handler_capi.h">
      <Filter>Blocks\CoC-CEF\lib\cef\include\capi</Filter>
    </ClInclude>
    <ClInclude Include="..\blocks\CoC-CEF\lib\cef\include\capi\cef_download_item_capi.h">
      <Filter>Blocks\CoC-CEF\lib\cef\include\capi</Filter>
    </ClInclude>
    <ClInclude Include="..\blocks\CoC-CEF\lib\cef\include\capi\cef_drag_data_capi.h">
      <Filter>Blocks\CoC-CEF\lib\cef\include\capi</Filter>
    </ClInclude>
    <ClInclude Include="..\blocks\CoC-CEF\lib\cef\include\capi\cef_drag_handler_capi.h">
      <Filter>Blocks\CoC-CEF\lib\cef\include\capi</Filter>
    </ClInclude>
    <ClInclude Include="..\blocks\CoC-CEF\lib\cef\include\capi\cef_file_util_capi.h">
      <Filter>Blocks\CoC-CEF\lib\cef\include\capi</Filter>
    </ClInclude>
    <ClInclude Include="..\blocks\CoC-CEF\lib\cef\include\capi\cef_find_handler_capi.h">
      <Filter>Blocks\CoC-CEF\lib\cef\include\capi</Filter>
    </ClInclude>
    <ClInclude Include="..\blocks\CoC-CEF\lib\cef\include\capi\cef_focus_handler_capi.h">
      <Filter>Blocks\CoC-CEF\lib\cef\include\capi</Filter>
    </ClInclude>
    <ClInclude Include="..\blocks\CoC-CEF\lib\cef\include\capi\cef_frame_capi.h">
      <Filter>Blocks\CoC-CEF\lib\cef\include\capi</Filter>
    </ClInclude>
    <ClInclude Include="..\blocks\CoC-CEF\lib\cef\include\capi\cef_geolocation_capi.h">
      <Filter>Blocks\CoC-CEF\lib\cef\include\capi</Filter>
    </ClInclude>
    <ClInclude Include="..\blocks\CoC-CEF\lib\cef\include\capi\cef_geolocation_handler_capi.h">
      <Filter>Blocks\CoC-CEF\lib\cef\include\capi</Filter>
    </ClInclude>
    <ClInclude Include="..\blocks\CoC-CEF\lib\cef\include\capi\cef_image_capi.h">
      <Filter>Blocks\CoC-CEF\lib\cef\include\capi</Filter>
    </ClInclude>
    <ClInclude Include="..\blocks\CoC-CEF\lib\cef\include\capi\cef_jsdialog_handler_capi.h">
      <Filter>Blocks\CoC-CEF\lib\cef\include\capi</Filter>
    </ClInclude>
    <ClInclude Include="..\blocks\CoC-CEF\lib\cef\include\capi\cef_keyboard_handler_capi.h">
      <Filter>Blocks\CoC-CEF\lib\cef\include\capi</Filter>
    </ClInclude>
    <ClInclude Include="..\blocks\CoC-CEF\lib\cef\include\capi\cef_life_span_handler_capi.h">
      <Filter>Blocks\CoC-CEF\lib\cef\include\capi</Filter>
    </ClInclude>
    <ClInclude Include="..\blocks\CoC-CEF\lib\cef\include\capi\cef_load_handler_capi.h">
      <Filter>Blocks\CoC-CEF\lib\cef\include\capi</Filter>
    </ClInclude>
    <ClInclude Include="..\blocks\CoC-CEF\lib\cef\include\capi\cef_menu_model_capi.h">
      <Filter>Blocks\CoC-CEF\lib\cef\include\capi</Filter>
    </ClInclude>
    <ClInclude Include="..\blocks\CoC-CEF\lib\cef\include\capi\cef_menu_model_delegate_capi.h">
      <Filter>Blocks\CoC-CEF\lib\cef\include\capi</Filter>
    </ClInclude>
    <ClInclude Include="..\blocks\CoC-CEF\lib\cef\include\capi\cef_navigation_entry_capi.h">
      <Filter>Blocks\CoC-CEF\lib\cef\include\capi</Filter>
    </ClInclude>
    <ClInclude Include="..\blocks\CoC-CEF\lib\cef\include\capi\cef_origin_whitelist_capi.h">
      <Filter>Blocks\CoC-CEF\lib\cef\include\capi</Filter>
    </ClInclude>
    <ClInclude Include="..\blocks\CoC-CEF\lib\cef\include\capi\cef_parser_capi.h">
      <Filter>Blocks\CoC-CEF\lib\cef\include\capi</Filter>
    </ClInclude>
    <ClInclude Include="..\blocks\CoC-CEF\lib\cef\include\capi\cef_path_util_capi.h">
      <Filter>Blocks\CoC-CEF\lib\cef\include\capi</Filter>
    </ClInclude>
    <ClInclude Include="..\blocks\CoC-CEF\lib\cef\include\capi\cef_print_handler_capi.h">
      <Filter>Blocks\CoC-CEF\lib\cef\include\capi</Filter>
    </ClInclude>
    <ClInclude Include="..\blocks\CoC-CEF\lib\cef\include\capi\cef_print_settings_capi.h">
      <Filter>Blocks\CoC-CEF\lib\cef\include\capi</Filter>
    </ClInclude>
    <ClInclude Include="..\blocks\CoC-CEF\lib\cef\include\capi\cef_process_message_capi.h">
      <Filter>Blocks\CoC-CEF\lib\cef\include\capi</Filter>
    </ClInclude>
    <ClInclude Include="..\blocks\CoC-CEF\lib\cef\include\capi\cef_process_util_capi.h">
      <Filter>Blocks\CoC-CEF\lib\cef\include\capi</Filter>
    </ClInclude>
    <ClInclude Include="..\blocks\CoC-CEF\lib\cef\include\capi\cef_render_handler_capi.h">
      <Filter>Blocks\CoC-CEF\lib\cef\include\capi</Filter>
    </ClInclude>
    <ClInclude Include="..\blocks\CoC-CEF\lib\cef\include\capi\cef_render_process_handler_capi.h">
      <Filter>Blocks\CoC-CEF\lib\cef\include\capi</Filter>
    </ClInclude>
    <ClInclude Include="..\blocks\CoC-CEF\lib\cef\include\capi\cef_request_capi.h">
      <Filter>Blocks\CoC-CEF\lib\cef\include\capi</Filter>
    </ClInclude>
    <ClInclude Include="..\blocks\CoC-CEF\lib\cef\include\capi\cef_request_context_capi.h">
      <Filter>Blocks\CoC-CEF\lib\cef\include\capi</Filter>
    </ClInclude>
    <ClInclude Include="..\blocks\CoC-CEF\lib\cef\include\capi\cef_request_context_handler_capi.h">
      <Filter>Blocks\CoC-CEF\lib\cef\include\capi</Filter>
    </ClInclude>
    <ClInclude Include="..\blocks\CoC-CEF\lib\cef\include\capi\cef_request_handler_capi.h">
      <Filter>Blocks\CoC-CEF\lib\cef\include\capi</Filter>
    </ClInclude>
    <ClInclude Include="..\blocks\CoC-CEF\lib\cef\include\capi\cef_resource_bundle_capi.h">
      <Filter>Blocks\CoC-CEF\lib\cef\include\capi</Filter>
    </ClInclude>
    <ClInclude Include="..\blocks\CoC-CEF\lib\cef\include\capi\cef_resource_bundle_handler_capi.h">
      <Filter>Blocks\CoC-CEF\lib\cef\include\capi</Filter>
    </ClInclude>
    <ClInclude Include="..\blocks\CoC-CEF\lib\cef\include\capi\cef_resource_handler_capi.h">
      <Filter>Blocks\CoC-CEF\lib\cef\include\capi</Filter>
    </ClInclude>
    <ClInclude Include="..\blocks\CoC-CEF\lib\cef\include\capi\cef_response_capi.h">
      <Filter>Blocks\CoC-CEF\lib\cef\include\capi</Filter>
    </ClInclude>
    <ClInclude Include="..\blocks\CoC-CEF\lib\cef\include\capi\cef_response_filter_capi.h">
      <Filter>Blocks\CoC-CEF\lib\cef\include\capi</Filter>
    </ClInclude>
    <ClInclude Include="..\blocks\CoC-CEF\lib\cef\include\capi\cef_scheme_capi.h">
      <Filter>Blocks\CoC-CEF\lib\cef\include\capi</Filter>
    </ClInclude>
    <ClInclude Include="..\blocks\CoC-CEF\lib\cef\include\capi\cef_ssl_info_capi.h">
      <Filter>Blocks\CoC-CEF\lib\cef\include\capi</Filter>
    </ClInclude>
    <ClInclude Include="..\blocks\CoC-CEF\lib\cef\include\capi\cef_ssl_status_capi.h">
      <Filter>Blocks\CoC-CEF\lib\cef\include\capi</Filter>
    </ClInclude>
    <ClInclude Include="..\blocks\CoC-CEF\lib\cef\include\capi\cef_stream_capi.h">
      <Filter>Blocks\CoC-CEF\lib\cef\include\capi</Filter>
    </ClInclude>
    <ClInclude Include="..\blocks\CoC-CEF\lib\cef\include\capi\cef_string_visitor_capi.h">
      <Filter>Blocks\CoC-CEF\lib\cef\include\capi</Filter>
    </ClInclude>
    <ClInclude Include="..\blocks\CoC-CEF\lib\cef\include\capi\cef_task_capi.h">
      <Filter>Blocks\CoC-CEF\lib\cef\include\capi</Filter>
    </ClInclude>
    <ClInclude Include="..\blocks\CoC-CEF\lib\cef\include\capi\cef_thread_capi.h">
      <Filter>Blocks\CoC-CEF\lib\cef\include\capi</Filter>
    </ClInclude>
    <ClInclude Include="..\blocks\CoC-CEF\lib\cef\include\capi\cef_trace_capi.h">
      <Filter>Blocks\CoC-CEF\lib\cef\include\capi</Filter>
    </ClInclude>
    <ClInclude Include="..\blocks\CoC-CEF\lib\cef\include\capi\cef_urlrequest_capi.h">
      <Filter>Blocks\CoC-CEF\lib\cef\include\capi</Filter>
    </ClInclude>
    <ClInclude Include="..\blocks\CoC-CEF\lib\cef\include\capi\cef_v8_capi.h">
      <Filter>Blocks\CoC-CEF\lib\cef\include\capi</Filter>
    </ClInclude>
    <ClInclude Include="..\blocks\CoC-CEF\lib\cef\include\capi\cef_values_capi.h">
      <Filter>Blocks\CoC-CEF\lib\cef\include\capi</Filter>
    </ClInclude>
    <ClInclude Include="..\blocks\CoC-CEF\lib\cef\include\capi\cef_waitable_event_capi.h">
      <Filter>Blocks\CoC-CEF\lib\cef\include\capi</Filter>
    </ClInclude>
    <ClInclude Include="..\blocks\CoC-CEF\lib\cef\include\capi\cef_web_plugin_capi.h">
      <Filter>Blocks\CoC-CEF\lib\cef\include\capi</Filter>
    </ClInclude>
    <ClInclude Include="..\blocks\CoC-CEF\lib\cef\include\capi\cef_x509_certificate_capi.h">
      <Filter>Blocks\CoC-CEF\lib\cef\include\capi</Filter>
    </ClInclude>
    <ClInclude Include="..\blocks\CoC-CEF\lib\cef\include\capi\cef_xml_reader_capi.h">
      <Filter>Blocks\CoC-CEF\lib\cef\include\capi</Filter>
    </ClInclude>
    <ClInclude Include="..\blocks\CoC-CEF\lib\cef\include\capi\cef_zip_reader_capi.h">
      <Filter>Blocks\CoC-CEF\lib\cef\include\capi</Filter>
    </ClInclude>
    <ClInclude Include="..\blocks\CoC-CEF\lib\cef\include\capi\test\cef_translator_test_capi.h">
      <Filter>Blocks\CoC-CEF\lib\cef\include\capi\test</Filter>
    </ClInclude>
    <ClInclude Include="..\blocks\CoC-CEF\lib\cef\include\capi\views\cef_box_layout_capi.h">
      <Filter>Blocks\CoC-CEF\lib\cef\include\capi\views</Filter>
    </ClInclude>
    <ClInclude Include="..\blocks\CoC-CEF\lib\cef\include\capi\views\cef_browser_view_capi.h">
      <Filter>Blocks\CoC-CEF\lib\cef\include\capi\views</Filter>
    </ClInclude>
    <ClInclude Include="..\blocks\CoC-CEF\lib\cef\include\capi\views\cef_browser_view_delegate_capi.h">
      <Filter>Blocks\CoC-CEF\lib\cef\include\capi\views</Filter>
    </ClInclude>
    <ClInclude Include="..\blocks\CoC-CEF\lib\cef\include\capi\views\cef_button_capi.h">
      <Filter>Blocks\CoC-CEF\lib\cef\include\capi\views</Filter>
    </ClInclude>
    <ClInclude Include="..\blocks\CoC-CEF\lib\cef\include\capi\views\cef_button_delegate_capi.h">
      <Filter>Blocks\CoC-CEF\lib\cef\include\capi\views</Filter>
    </ClInclude>
    <ClInclude Include="..\blocks\CoC-CEF\lib\cef\include\capi\views\cef_display_capi.h">
      <Filter>Blocks\CoC-CEF\lib\cef\include\capi\views</Filter>
    </ClInclude>
    <ClInclude Include="..\blocks\CoC-CEF\lib\cef\include\capi\views\cef_fill_layout_capi.h">
      <Filter>Blocks\CoC-CEF\lib\cef\include\capi\views</Filter>
    </ClInclude>
    <ClInclude Include="..\blocks\CoC-CEF\lib\cef\include\capi\views\cef_label_button_capi.h">
      <Filter>Blocks\CoC-CEF\lib\cef\include\capi\views</Filter>
    </ClInclude>
    <ClInclude Include="..\blocks\CoC-CEF\lib\cef\include\capi\views\cef_layout_capi.h">
      <Filter>Blocks\CoC-CEF\lib\cef\include\capi\views</Filter>
    </ClInclude>
    <ClInclude Include="..\blocks\CoC-CEF\lib\cef\include\capi\views\cef_menu_button_capi.h">
      <Filter>Blocks\CoC-CEF\lib\cef\include\capi\views</Filter>
    </ClInclude>
    <ClInclude Include="..\blocks\CoC-CEF\lib\cef\include\capi\views\cef_menu_button_delegate_capi.h">
      <Filter>Blocks\CoC-CEF\lib\cef\include\capi\views</Filter>
    </ClInclude>
    <ClInclude Include="..\blocks\CoC-CEF\lib\cef\include\capi\views\cef_panel_capi.h">
      <Filter>Blocks\CoC-CEF\lib\cef\include\capi\views</Filter>
    </ClInclude>
    <ClInclude Include="..\blocks\CoC-CEF\lib\cef\include\capi\views\cef_panel_delegate_capi.h">
      <Filter>Blocks\CoC-CEF\lib\cef\include\capi\views</Filter>
    </ClInclude>
    <ClInclude Include="..\blocks\CoC-CEF\lib\cef\include\capi\views\cef_scroll_view_capi.h">
      <Filter>Blocks\CoC-CEF\lib\cef\include\capi\views</Filter>
    </ClInclude>
    <ClInclude Include="..\blocks\CoC-CEF\lib\cef\include\capi\views\cef_textfield_capi.h">
      <Filter>Blocks\CoC-CEF\lib\cef\include\capi\views</Filter>
    </ClInclude>
    <ClInclude Include="..\blocks\CoC-CEF\lib\cef\include\capi\views\cef_textfield_delegate_capi.h">
      <Filter>Blocks\CoC-CEF\lib\cef\include\capi\views</Filter>
    </ClInclude>
    <ClInclude Include="..\blocks\CoC-CEF\lib\cef\include\capi\views\cef_view_capi.h">
      <Filter>Blocks\CoC-CEF\lib\cef\include\capi\views</Filter>
    </ClInclude>
    <ClInclude Include="..\blocks\CoC-CEF\lib\cef\include\capi\views\cef_view_delegate_capi.h">
      <Filter>Blocks\CoC-CEF\lib\cef\include\capi\views</Filter>
    </ClInclude>
    <ClInclude Include="..\blocks\CoC-CEF\lib\cef\include\capi\views\cef_window_capi.h">
      <Filter>Blocks\CoC-CEF\lib\cef\include\capi\views</Filter>
    </ClInclude>
    <ClInclude Include="..\blocks\CoC-CEF\lib\cef\include\capi\views\cef_window_delegate_capi.h">
      <Filter>Blocks\CoC-CEF\lib\cef\include\capi\views</Filter>
    </ClInclude>
    <ClInclude Include="..\blocks\CoC-CEF\lib\cef\include\internal\cef_export.h">
      <Filter>Blocks\CoC-CEF\lib\cef\include\internal</Filter>
    </ClInclude>
    <ClInclude Include="..\blocks\CoC-CEF\lib\cef\include\internal\cef_logging_internal.h">
      <Filter>Blocks\CoC-CEF\lib\cef\include\internal</Filter>
    </ClInclude>
    <ClInclude Include="..\blocks\CoC-CEF\lib\cef\include\internal\cef_mac.h">
      <Filter>Blocks\CoC-CEF\lib\cef\include\internal</Filter>
    </ClInclude>
    <ClInclude Include="..\blocks\CoC-CEF\lib\cef\include\internal\cef_ptr.h">
      <Filter>Blocks\CoC-CEF\lib\cef\include\internal</Filter>
    </ClInclude>
    <ClInclude Include="..\blocks\CoC-CEF\lib\cef\include\internal\cef_string.h">
      <Filter>Blocks\CoC-CEF\lib\cef\include\internal</Filter>
    </ClInclude>
    <ClInclude Include="..\blocks\CoC-CEF\lib\cef\include\internal\cef_string_list.h">
      <Filter>Blocks\CoC-CEF\lib\cef\include\internal</Filter>
    </ClInclude>
    <ClInclude Include="..\blocks\CoC-CEF\lib\cef\include\internal\cef_string_map.h">
      <Filter>Blocks\CoC-CEF\lib\cef\include\internal</Filter>
    </ClInclude>
    <ClInclude Include="..\blocks\CoC-CEF\lib\cef\include\internal\cef_string_multimap.h">
      <Filter>Blocks\CoC-CEF\lib\cef\include\internal</Filter>
    </ClInclude>
    <ClInclude Include="..\blocks\CoC-CEF\lib\cef\include\internal\cef_string_types.h">
      <Filter>Blocks\CoC-CEF\lib\cef\include\internal</Filter>
    </ClInclude>
    <ClInclude Include="..\blocks\CoC-CEF\lib\cef\include\internal\cef_string_wrappers.h">
      <Filter>Blocks\CoC-CEF\lib\cef\include\internal</Filter>
    </ClInclude>
    <ClInclude Include="..\blocks\CoC-CEF\lib\cef\include\internal\cef_thread_internal.h">
      <Filter>Blocks\CoC-CEF\lib\cef\include\internal</Filter>
    </ClInclude>
    <ClInclude Include="..\blocks\CoC-CEF\lib\cef\include\internal\cef_time.h">
      <Filter>Blocks\CoC-CEF\lib\cef\include\internal</Filter>
    </ClInclude>
    <ClInclude Include="..\blocks\CoC-CEF\lib\cef\include\internal\cef_trace_event_internal.h">
      <Filter>Blocks\CoC-CEF\lib\cef\include\internal</Filter>
    </ClInclude>
    <ClInclude Include="..\blocks\CoC-CEF\lib\cef\include\internal\cef_types.h">
      <Filter>Blocks\CoC-CEF\lib\cef\include\internal</Filter>
    </ClInclude>
    <ClInclude Include="..\blocks\CoC-CEF\lib\cef\include\internal\cef_types_mac.h">
      <Filter>Blocks\CoC-CEF\lib\cef\include\internal</Filter>
    </ClInclude>
    <ClInclude Include="..\blocks\CoC-CEF\lib\cef\include\internal\cef_types_wrappers.h">
      <Filter>Blocks\CoC-CEF\lib\cef\include\internal</Filter>
    </ClInclude>
    <ClInclude Include="..\blocks\CoC-CEF\lib\cef\include\test\cef_translator_test.h">
      <Filter>Blocks\CoC-CEF\lib\cef\include\test</Filter>
    </ClInclude>
    <ClInclude Include="..\blocks\CoC-CEF\lib\cef\include\wrapper\cef_byte_read_handler.h">
      <Filter>Blocks\CoC-CEF\lib\cef\include\wrapper</Filter>
    </ClInclude>
    <ClInclude Include="..\blocks\CoC-CEF\lib\cef\include\wrapper\cef_closure_task.h">
      <Filter>Blocks\CoC-CEF\lib\cef\include\wrapper</Filter>
    </ClInclude>
    <ClInclude Include="..\blocks\CoC-CEF\lib\cef\include\wrapper\cef_helpers.h">
      <Filter>Blocks\CoC-CEF\lib\cef\include\wrapper</Filter>
    </ClInclude>
    <ClInclude Include="..\blocks\CoC-CEF\lib\cef\include\wrapper\cef_message_router.h">
      <Filter>Blocks\CoC-CEF\lib\cef\include\wrapper</Filter>
    </ClInclude>
    <ClInclude Include="..\blocks\CoC-CEF\lib\cef\include\wrapper\cef_resource_manager.h">
      <Filter>Blocks\CoC-CEF\lib\cef\include\wrapper</Filter>
    </ClInclude>
    <ClInclude Include="..\blocks\CoC-CEF\lib\cef\include\wrapper\cef_scoped_temp_dir.h">
      <Filter>Blocks\CoC-CEF\lib\cef\include\wrapper</Filter>
    </ClInclude>
    <ClInclude Include="..\blocks\CoC-CEF\lib\cef\include\wrapper\cef_stream_resource_handler.h">
      <Filter>Blocks\CoC-CEF\lib\cef\include\wrapper</Filter>
    </ClInclude>
    <ClInclude Include="..\blocks\CoC-CEF\lib\cef\include\wrapper\cef_xml_object.h">
      <Filter>Blocks\CoC-CEF\lib\cef\include\wrapper</Filter>
    </ClInclude>
    <ClInclude Include="..\blocks\CoC-CEF\lib\cef\include\wrapper\cef_zip_archive.h">
      <Filter>Blocks\CoC-CEF\lib\cef\include\wrapper</Filter>
    </ClInclude>
  </ItemGroup>
  <ItemGroup>
    <ClInclude Include="..\include\Resources.h">
      <Filter>Header Files</Filter>
    </ClInclude>
  </ItemGroup>
  <ItemGroup>
    <ResourceCompile Include="Resources.rc">
      <Filter>Resource Files</Filter>
    </ResourceCompile>
  </ItemGroup>
</Project>
